// !$*UTF8*$!
{
	archiveVersion = 1;
	classes = {
	};
	objectVersion = 46;
	objects = {

/* Begin PBXBuildFile section */
		2A0CDBDB1D6EC9AD0012D04A /* PHCalendar.m in Sources */ = {isa = PBXBuildFile; fileRef = 2A0CDBD31D6EC9AD0012D04A /* PHCalendar.m */; };
		2A0CDBDC1D6EC9AD0012D04A /* PHCalendarContentVC.m in Sources */ = {isa = PBXBuildFile; fileRef = 2A0CDBD51D6EC9AD0012D04A /* PHCalendarContentVC.m */; };
		2A0CDBDD1D6EC9AD0012D04A /* PHCalendarItem.m in Sources */ = {isa = PBXBuildFile; fileRef = 2A0CDBD71D6EC9AD0012D04A /* PHCalendarItem.m */; };
		2A40CB671D5AB2BB00BF7A80 /* UIImage+Helper.m in Sources */ = {isa = PBXBuildFile; fileRef = 2A40CB661D5AB2BB00BF7A80 /* UIImage+Helper.m */; };
		2A4374F11D61AEAF00E02202 /* Info.plist in Resources */ = {isa = PBXBuildFile; fileRef = 2A4374D71D61AEAF00E02202 /* Info.plist */; };
		2A4374F21D61AEAF00E02202 /* MASCompositeConstraint.m in Sources */ = {isa = PBXBuildFile; fileRef = 2A4374D91D61AEAF00E02202 /* MASCompositeConstraint.m */; };
		2A4374F31D61AEAF00E02202 /* MASConstraint.m in Sources */ = {isa = PBXBuildFile; fileRef = 2A4374DC1D61AEAF00E02202 /* MASConstraint.m */; };
		2A4374F41D61AEAF00E02202 /* MASConstraintMaker.m in Sources */ = {isa = PBXBuildFile; fileRef = 2A4374DE1D61AEAF00E02202 /* MASConstraintMaker.m */; };
		2A4374F51D61AEAF00E02202 /* MASLayoutConstraint.m in Sources */ = {isa = PBXBuildFile; fileRef = 2A4374E01D61AEAF00E02202 /* MASLayoutConstraint.m */; };
		2A4374F61D61AEAF00E02202 /* MASViewAttribute.m in Sources */ = {isa = PBXBuildFile; fileRef = 2A4374E41D61AEAF00E02202 /* MASViewAttribute.m */; };
		2A4374F71D61AEAF00E02202 /* MASViewConstraint.m in Sources */ = {isa = PBXBuildFile; fileRef = 2A4374E61D61AEAF00E02202 /* MASViewConstraint.m */; };
		2A4374F81D61AEAF00E02202 /* NSArray+MASAdditions.m in Sources */ = {isa = PBXBuildFile; fileRef = 2A4374E81D61AEAF00E02202 /* NSArray+MASAdditions.m */; };
		2A4374F91D61AEAF00E02202 /* NSLayoutConstraint+MASDebugAdditions.m in Sources */ = {isa = PBXBuildFile; fileRef = 2A4374EB1D61AEAF00E02202 /* NSLayoutConstraint+MASDebugAdditions.m */; };
		2A4374FA1D61AEAF00E02202 /* View+MASAdditions.m in Sources */ = {isa = PBXBuildFile; fileRef = 2A4374ED1D61AEAF00E02202 /* View+MASAdditions.m */; };
		2A4374FB1D61AEAF00E02202 /* ViewController+MASAdditions.m in Sources */ = {isa = PBXBuildFile; fileRef = 2A4374F01D61AEAF00E02202 /* ViewController+MASAdditions.m */; };
		2A45B9791D70174E00077248 /* ImageCutTool.m in Sources */ = {isa = PBXBuildFile; fileRef = 2A45B9781D70174E00077248 /* ImageCutTool.m */; };
		2A45CA531D62A91500F7D9DA /* example.html in Resources */ = {isa = PBXBuildFile; fileRef = 2A45CA521D62A91500F7D9DA /* example.html */; };
		2A54E44C1D5D7828008CA6D2 /* PHPrinter.m in Sources */ = {isa = PBXBuildFile; fileRef = 2A54E44B1D5D7828008CA6D2 /* PHPrinter.m */; };
		2A5DEA8E1D65482E00155CAC /* index.w.html in Resources */ = {isa = PBXBuildFile; fileRef = 2A5DEA8D1D65482E00155CAC /* index.w.html */; };
		2A6FC3B01D2DF1430006CBE2 /* main.m in Sources */ = {isa = PBXBuildFile; fileRef = 2A6FC3AF1D2DF1430006CBE2 /* main.m */; };
		2A6FC3B31D2DF1430006CBE2 /* AppDelegate.m in Sources */ = {isa = PBXBuildFile; fileRef = 2A6FC3B21D2DF1430006CBE2 /* AppDelegate.m */; };
		2A6FC3B91D2DF1430006CBE2 /* Main.storyboard in Resources */ = {isa = PBXBuildFile; fileRef = 2A6FC3B71D2DF1430006CBE2 /* Main.storyboard */; };
		2A6FC3BB1D2DF1430006CBE2 /* Assets.xcassets in Resources */ = {isa = PBXBuildFile; fileRef = 2A6FC3BA1D2DF1430006CBE2 /* Assets.xcassets */; };
		2A6FC3BE1D2DF1430006CBE2 /* LaunchScreen.storyboard in Resources */ = {isa = PBXBuildFile; fileRef = 2A6FC3BC1D2DF1430006CBE2 /* LaunchScreen.storyboard */; };
		2A6FC3CD1D2DF16E0006CBE2 /* PHCellView.m in Sources */ = {isa = PBXBuildFile; fileRef = 2A6FC3C71D2DF16E0006CBE2 /* PHCellView.m */; };
		2A6FC3CF1D2DF16E0006CBE2 /* UIViewAdditions.m in Sources */ = {isa = PBXBuildFile; fileRef = 2A6FC3CC1D2DF16E0006CBE2 /* UIViewAdditions.m */; };
		2A6FC3D51D2DF1950006CBE2 /* ViewController.m in Sources */ = {isa = PBXBuildFile; fileRef = 2A6FC3D41D2DF1950006CBE2 /* ViewController.m */; };
		2A717B3D1D6AA6C100D83A4E /* CustomWebView.m in Sources */ = {isa = PBXBuildFile; fileRef = 2A717B3C1D6AA6C100D83A4E /* CustomWebView.m */; };
		2A797ECE1D6DA072008B0459 /* 111.jpg in Resources */ = {isa = PBXBuildFile; fileRef = 2A797ECD1D6DA072008B0459 /* 111.jpg */; };
		2AB68FAF1D5C3CE100C98438 /* SuperViewController.m in Sources */ = {isa = PBXBuildFile; fileRef = 2AB68FAE1D5C3CE100C98438 /* SuperViewController.m */; };
/* End PBXBuildFile section */

/* Begin PBXFileReference section */
		2A0CDBD21D6EC9AD0012D04A /* PHCalendar.h */ = {isa = PBXFileReference; fileEncoding = 4; lastKnownFileType = sourcecode.c.h; path = PHCalendar.h; sourceTree = "<group>"; };
		2A0CDBD31D6EC9AD0012D04A /* PHCalendar.m */ = {isa = PBXFileReference; fileEncoding = 4; lastKnownFileType = sourcecode.c.objc; path = PHCalendar.m; sourceTree = "<group>"; };
		2A0CDBD41D6EC9AD0012D04A /* PHCalendarContentVC.h */ = {isa = PBXFileReference; fileEncoding = 4; lastKnownFileType = sourcecode.c.h; path = PHCalendarContentVC.h; sourceTree = "<group>"; };
		2A0CDBD51D6EC9AD0012D04A /* PHCalendarContentVC.m */ = {isa = PBXFileReference; fileEncoding = 4; lastKnownFileType = sourcecode.c.objc; path = PHCalendarContentVC.m; sourceTree = "<group>"; };
		2A0CDBD61D6EC9AD0012D04A /* PHCalendarItem.h */ = {isa = PBXFileReference; fileEncoding = 4; lastKnownFileType = sourcecode.c.h; path = PHCalendarItem.h; sourceTree = "<group>"; };
		2A0CDBD71D6EC9AD0012D04A /* PHCalendarItem.m */ = {isa = PBXFileReference; fileEncoding = 4; lastKnownFileType = sourcecode.c.objc; path = PHCalendarItem.m; sourceTree = "<group>"; };
		2A40CB651D5AB2BB00BF7A80 /* UIImage+Helper.h */ = {isa = PBXFileReference; fileEncoding = 4; lastKnownFileType = sourcecode.c.h; path = "UIImage+Helper.h"; sourceTree = "<group>"; };
		2A40CB661D5AB2BB00BF7A80 /* UIImage+Helper.m */ = {isa = PBXFileReference; fileEncoding = 4; lastKnownFileType = sourcecode.c.objc; path = "UIImage+Helper.m"; sourceTree = "<group>"; };
		2A4374D71D61AEAF00E02202 /* Info.plist */ = {isa = PBXFileReference; fileEncoding = 4; lastKnownFileType = text.plist.xml; path = Info.plist; sourceTree = "<group>"; };
		2A4374D81D61AEAF00E02202 /* MASCompositeConstraint.h */ = {isa = PBXFileReference; fileEncoding = 4; lastKnownFileType = sourcecode.c.h; path = MASCompositeConstraint.h; sourceTree = "<group>"; };
		2A4374D91D61AEAF00E02202 /* MASCompositeConstraint.m */ = {isa = PBXFileReference; fileEncoding = 4; lastKnownFileType = sourcecode.c.objc; path = MASCompositeConstraint.m; sourceTree = "<group>"; };
		2A4374DA1D61AEAF00E02202 /* MASConstraint+Private.h */ = {isa = PBXFileReference; fileEncoding = 4; lastKnownFileType = sourcecode.c.h; path = "MASConstraint+Private.h"; sourceTree = "<group>"; };
		2A4374DB1D61AEAF00E02202 /* MASConstraint.h */ = {isa = PBXFileReference; fileEncoding = 4; lastKnownFileType = sourcecode.c.h; path = MASConstraint.h; sourceTree = "<group>"; };
		2A4374DC1D61AEAF00E02202 /* MASConstraint.m */ = {isa = PBXFileReference; fileEncoding = 4; lastKnownFileType = sourcecode.c.objc; path = MASConstraint.m; sourceTree = "<group>"; };
		2A4374DD1D61AEAF00E02202 /* MASConstraintMaker.h */ = {isa = PBXFileReference; fileEncoding = 4; lastKnownFileType = sourcecode.c.h; path = MASConstraintMaker.h; sourceTree = "<group>"; };
		2A4374DE1D61AEAF00E02202 /* MASConstraintMaker.m */ = {isa = PBXFileReference; fileEncoding = 4; lastKnownFileType = sourcecode.c.objc; path = MASConstraintMaker.m; sourceTree = "<group>"; };
		2A4374DF1D61AEAF00E02202 /* MASLayoutConstraint.h */ = {isa = PBXFileReference; fileEncoding = 4; lastKnownFileType = sourcecode.c.h; path = MASLayoutConstraint.h; sourceTree = "<group>"; };
		2A4374E01D61AEAF00E02202 /* MASLayoutConstraint.m */ = {isa = PBXFileReference; fileEncoding = 4; lastKnownFileType = sourcecode.c.objc; path = MASLayoutConstraint.m; sourceTree = "<group>"; };
		2A4374E11D61AEAF00E02202 /* Masonry.h */ = {isa = PBXFileReference; fileEncoding = 4; lastKnownFileType = sourcecode.c.h; path = Masonry.h; sourceTree = "<group>"; };
		2A4374E21D61AEAF00E02202 /* MASUtilities.h */ = {isa = PBXFileReference; fileEncoding = 4; lastKnownFileType = sourcecode.c.h; path = MASUtilities.h; sourceTree = "<group>"; };
		2A4374E31D61AEAF00E02202 /* MASViewAttribute.h */ = {isa = PBXFileReference; fileEncoding = 4; lastKnownFileType = sourcecode.c.h; path = MASViewAttribute.h; sourceTree = "<group>"; };
		2A4374E41D61AEAF00E02202 /* MASViewAttribute.m */ = {isa = PBXFileReference; fileEncoding = 4; lastKnownFileType = sourcecode.c.objc; path = MASViewAttribute.m; sourceTree = "<group>"; };
		2A4374E51D61AEAF00E02202 /* MASViewConstraint.h */ = {isa = PBXFileReference; fileEncoding = 4; lastKnownFileType = sourcecode.c.h; path = MASViewConstraint.h; sourceTree = "<group>"; };
		2A4374E61D61AEAF00E02202 /* MASViewConstraint.m */ = {isa = PBXFileReference; fileEncoding = 4; lastKnownFileType = sourcecode.c.objc; path = MASViewConstraint.m; sourceTree = "<group>"; };
		2A4374E71D61AEAF00E02202 /* NSArray+MASAdditions.h */ = {isa = PBXFileReference; fileEncoding = 4; lastKnownFileType = sourcecode.c.h; path = "NSArray+MASAdditions.h"; sourceTree = "<group>"; };
		2A4374E81D61AEAF00E02202 /* NSArray+MASAdditions.m */ = {isa = PBXFileReference; fileEncoding = 4; lastKnownFileType = sourcecode.c.objc; path = "NSArray+MASAdditions.m"; sourceTree = "<group>"; };
		2A4374E91D61AEAF00E02202 /* NSArray+MASShorthandAdditions.h */ = {isa = PBXFileReference; fileEncoding = 4; lastKnownFileType = sourcecode.c.h; path = "NSArray+MASShorthandAdditions.h"; sourceTree = "<group>"; };
		2A4374EA1D61AEAF00E02202 /* NSLayoutConstraint+MASDebugAdditions.h */ = {isa = PBXFileReference; fileEncoding = 4; lastKnownFileType = sourcecode.c.h; path = "NSLayoutConstraint+MASDebugAdditions.h"; sourceTree = "<group>"; };
		2A4374EB1D61AEAF00E02202 /* NSLayoutConstraint+MASDebugAdditions.m */ = {isa = PBXFileReference; fileEncoding = 4; lastKnownFileType = sourcecode.c.objc; path = "NSLayoutConstraint+MASDebugAdditions.m"; sourceTree = "<group>"; };
		2A4374EC1D61AEAF00E02202 /* View+MASAdditions.h */ = {isa = PBXFileReference; fileEncoding = 4; lastKnownFileType = sourcecode.c.h; path = "View+MASAdditions.h"; sourceTree = "<group>"; };
		2A4374ED1D61AEAF00E02202 /* View+MASAdditions.m */ = {isa = PBXFileReference; fileEncoding = 4; lastKnownFileType = sourcecode.c.objc; path = "View+MASAdditions.m"; sourceTree = "<group>"; };
		2A4374EE1D61AEAF00E02202 /* View+MASShorthandAdditions.h */ = {isa = PBXFileReference; fileEncoding = 4; lastKnownFileType = sourcecode.c.h; path = "View+MASShorthandAdditions.h"; sourceTree = "<group>"; };
		2A4374EF1D61AEAF00E02202 /* ViewController+MASAdditions.h */ = {isa = PBXFileReference; fileEncoding = 4; lastKnownFileType = sourcecode.c.h; path = "ViewController+MASAdditions.h"; sourceTree = "<group>"; };
		2A4374F01D61AEAF00E02202 /* ViewController+MASAdditions.m */ = {isa = PBXFileReference; fileEncoding = 4; lastKnownFileType = sourcecode.c.objc; path = "ViewController+MASAdditions.m"; sourceTree = "<group>"; };
		2A45B9771D70174E00077248 /* ImageCutTool.h */ = {isa = PBXFileReference; fileEncoding = 4; lastKnownFileType = sourcecode.c.h; path = ImageCutTool.h; sourceTree = "<group>"; };
		2A45B9781D70174E00077248 /* ImageCutTool.m */ = {isa = PBXFileReference; fileEncoding = 4; lastKnownFileType = sourcecode.c.objc; path = ImageCutTool.m; sourceTree = "<group>"; };
		2A45CA521D62A91500F7D9DA /* example.html */ = {isa = PBXFileReference; fileEncoding = 4; lastKnownFileType = text.html; path = example.html; sourceTree = "<group>"; };
		2A54E44A1D5D7828008CA6D2 /* PHPrinter.h */ = {isa = PBXFileReference; fileEncoding = 4; lastKnownFileType = sourcecode.c.h; name = PHPrinter.h; path = Printer/PHPrinter.h; sourceTree = "<group>"; };
		2A54E44B1D5D7828008CA6D2 /* PHPrinter.m */ = {isa = PBXFileReference; fileEncoding = 4; lastKnownFileType = sourcecode.c.objc; name = PHPrinter.m; path = Printer/PHPrinter.m; sourceTree = "<group>"; };
		2A5DEA8D1D65482E00155CAC /* index.w.html */ = {isa = PBXFileReference; fileEncoding = 4; lastKnownFileType = text.html; path = index.w.html; sourceTree = "<group>"; };
		2A6FC3AB1D2DF1430006CBE2 /* PHPackAge.app */ = {isa = PBXFileReference; explicitFileType = wrapper.application; includeInIndex = 0; path = PHPackAge.app; sourceTree = BUILT_PRODUCTS_DIR; };
		2A6FC3AF1D2DF1430006CBE2 /* main.m */ = {isa = PBXFileReference; lastKnownFileType = sourcecode.c.objc; path = main.m; sourceTree = "<group>"; };
		2A6FC3B11D2DF1430006CBE2 /* AppDelegate.h */ = {isa = PBXFileReference; lastKnownFileType = sourcecode.c.h; path = AppDelegate.h; sourceTree = "<group>"; };
		2A6FC3B21D2DF1430006CBE2 /* AppDelegate.m */ = {isa = PBXFileReference; lastKnownFileType = sourcecode.c.objc; path = AppDelegate.m; sourceTree = "<group>"; };
		2A6FC3B81D2DF1430006CBE2 /* Base */ = {isa = PBXFileReference; lastKnownFileType = file.storyboard; name = Base; path = Base.lproj/Main.storyboard; sourceTree = "<group>"; };
		2A6FC3BA1D2DF1430006CBE2 /* Assets.xcassets */ = {isa = PBXFileReference; lastKnownFileType = folder.assetcatalog; path = Assets.xcassets; sourceTree = "<group>"; };
		2A6FC3BD1D2DF1430006CBE2 /* Base */ = {isa = PBXFileReference; lastKnownFileType = file.storyboard; name = Base; path = Base.lproj/LaunchScreen.storyboard; sourceTree = "<group>"; };
		2A6FC3BF1D2DF1430006CBE2 /* Info.plist */ = {isa = PBXFileReference; lastKnownFileType = text.plist.xml; path = Info.plist; sourceTree = "<group>"; };
		2A6FC3C61D2DF16E0006CBE2 /* PHCellView.h */ = {isa = PBXFileReference; fileEncoding = 4; lastKnownFileType = sourcecode.c.h; path = PHCellView.h; sourceTree = "<group>"; };
		2A6FC3C71D2DF16E0006CBE2 /* PHCellView.m */ = {isa = PBXFileReference; fileEncoding = 4; lastKnownFileType = sourcecode.c.objc; path = PHCellView.m; sourceTree = "<group>"; };
		2A6FC3C81D2DF16E0006CBE2 /* PHDefine.h */ = {isa = PBXFileReference; fileEncoding = 4; lastKnownFileType = sourcecode.c.h; path = PHDefine.h; sourceTree = "<group>"; };
		2A6FC3CB1D2DF16E0006CBE2 /* UIViewAdditions.h */ = {isa = PBXFileReference; fileEncoding = 4; lastKnownFileType = sourcecode.c.h; path = UIViewAdditions.h; sourceTree = "<group>"; };
		2A6FC3CC1D2DF16E0006CBE2 /* UIViewAdditions.m */ = {isa = PBXFileReference; fileEncoding = 4; lastKnownFileType = sourcecode.c.objc; path = UIViewAdditions.m; sourceTree = "<group>"; };
		2A6FC3D31D2DF1950006CBE2 /* ViewController.h */ = {isa = PBXFileReference; fileEncoding = 4; lastKnownFileType = sourcecode.c.h; path = ViewController.h; sourceTree = "<group>"; };
		2A6FC3D41D2DF1950006CBE2 /* ViewController.m */ = {isa = PBXFileReference; fileEncoding = 4; lastKnownFileType = sourcecode.c.objc; path = ViewController.m; sourceTree = "<group>"; };
		2A717B3B1D6AA6C100D83A4E /* CustomWebView.h */ = {isa = PBXFileReference; fileEncoding = 4; lastKnownFileType = sourcecode.c.h; path = CustomWebView.h; sourceTree = "<group>"; };
		2A717B3C1D6AA6C100D83A4E /* CustomWebView.m */ = {isa = PBXFileReference; fileEncoding = 4; lastKnownFileType = sourcecode.c.objc; path = CustomWebView.m; sourceTree = "<group>"; };
		2A797ECD1D6DA072008B0459 /* 111.jpg */ = {isa = PBXFileReference; lastKnownFileType = image.jpeg; path = 111.jpg; sourceTree = "<group>"; };
		2AB68FAD1D5C3CE100C98438 /* SuperViewController.h */ = {isa = PBXFileReference; fileEncoding = 4; lastKnownFileType = sourcecode.c.h; path = SuperViewController.h; sourceTree = "<group>"; };
		2AB68FAE1D5C3CE100C98438 /* SuperViewController.m */ = {isa = PBXFileReference; fileEncoding = 4; lastKnownFileType = sourcecode.c.objc; path = SuperViewController.m; sourceTree = "<group>"; };
/* End PBXFileReference section */

/* Begin PBXFrameworksBuildPhase section */
		2A6FC3A81D2DF1430006CBE2 /* Frameworks */ = {
			isa = PBXFrameworksBuildPhase;
			buildActionMask = 2147483647;
			files = (
			);
			runOnlyForDeploymentPostprocessing = 0;
		};
/* End PBXFrameworksBuildPhase section */

/* Begin PBXGroup section */
		2A0CDBD01D6EC9AD0012D04A /* Tool */ = {
			isa = PBXGroup;
			children = (
				2A0CDBD11D6EC9AD0012D04A /* PHCalendar */,
				2A0CDBD81D6EC9AD0012D04A /* ScreenShots */,
			);
			path = Tool;
			sourceTree = "<group>";
		};
		2A0CDBD11D6EC9AD0012D04A /* PHCalendar */ = {
			isa = PBXGroup;
			children = (
				2A0CDBD21D6EC9AD0012D04A /* PHCalendar.h */,
				2A0CDBD31D6EC9AD0012D04A /* PHCalendar.m */,
				2A0CDBD41D6EC9AD0012D04A /* PHCalendarContentVC.h */,
				2A0CDBD51D6EC9AD0012D04A /* PHCalendarContentVC.m */,
				2A0CDBD61D6EC9AD0012D04A /* PHCalendarItem.h */,
				2A0CDBD71D6EC9AD0012D04A /* PHCalendarItem.m */,
			);
			path = PHCalendar;
			sourceTree = "<group>";
		};
		2A0CDBD81D6EC9AD0012D04A /* ScreenShots */ = {
			isa = PBXGroup;
			children = (
				2A45B9771D70174E00077248 /* ImageCutTool.h */,
				2A45B9781D70174E00077248 /* ImageCutTool.m */,
			);
			path = ScreenShots;
			sourceTree = "<group>";
		};
		2A4374D51D61AEAF00E02202 /* 3th */ = {
			isa = PBXGroup;
			children = (
				2A4374D61D61AEAF00E02202 /* Masonry */,
			);
			path = 3th;
			sourceTree = "<group>";
		};
		2A4374D61D61AEAF00E02202 /* Masonry */ = {
			isa = PBXGroup;
			children = (
				2A4374D71D61AEAF00E02202 /* Info.plist */,
				2A4374D81D61AEAF00E02202 /* MASCompositeConstraint.h */,
				2A4374D91D61AEAF00E02202 /* MASCompositeConstraint.m */,
				2A4374DA1D61AEAF00E02202 /* MASConstraint+Private.h */,
				2A4374DB1D61AEAF00E02202 /* MASConstraint.h */,
				2A4374DC1D61AEAF00E02202 /* MASConstraint.m */,
				2A4374DD1D61AEAF00E02202 /* MASConstraintMaker.h */,
				2A4374DE1D61AEAF00E02202 /* MASConstraintMaker.m */,
				2A4374DF1D61AEAF00E02202 /* MASLayoutConstraint.h */,
				2A4374E01D61AEAF00E02202 /* MASLayoutConstraint.m */,
				2A4374E11D61AEAF00E02202 /* Masonry.h */,
				2A4374E21D61AEAF00E02202 /* MASUtilities.h */,
				2A4374E31D61AEAF00E02202 /* MASViewAttribute.h */,
				2A4374E41D61AEAF00E02202 /* MASViewAttribute.m */,
				2A4374E51D61AEAF00E02202 /* MASViewConstraint.h */,
				2A4374E61D61AEAF00E02202 /* MASViewConstraint.m */,
				2A4374E71D61AEAF00E02202 /* NSArray+MASAdditions.h */,
				2A4374E81D61AEAF00E02202 /* NSArray+MASAdditions.m */,
				2A4374E91D61AEAF00E02202 /* NSArray+MASShorthandAdditions.h */,
				2A4374EA1D61AEAF00E02202 /* NSLayoutConstraint+MASDebugAdditions.h */,
				2A4374EB1D61AEAF00E02202 /* NSLayoutConstraint+MASDebugAdditions.m */,
				2A4374EC1D61AEAF00E02202 /* View+MASAdditions.h */,
				2A4374ED1D61AEAF00E02202 /* View+MASAdditions.m */,
				2A4374EE1D61AEAF00E02202 /* View+MASShorthandAdditions.h */,
				2A4374EF1D61AEAF00E02202 /* ViewController+MASAdditions.h */,
				2A4374F01D61AEAF00E02202 /* ViewController+MASAdditions.m */,
			);
			path = Masonry;
			sourceTree = "<group>";
		};
		2A45CA511D62A91500F7D9DA /* HTML */ = {
			isa = PBXGroup;
			children = (
				2A5DEA8D1D65482E00155CAC /* index.w.html */,
				2A45CA521D62A91500F7D9DA /* example.html */,
			);
			path = HTML;
			sourceTree = "<group>";
		};
		2A54E4491D5D75D4008CA6D2 /* 打印机 */ = {
			isa = PBXGroup;
			children = (
				2A54E44A1D5D7828008CA6D2 /* PHPrinter.h */,
				2A54E44B1D5D7828008CA6D2 /* PHPrinter.m */,
			);
			name = "打印机";
			sourceTree = "<group>";
		};
		2A6FC3A21D2DF1430006CBE2 = {
			isa = PBXGroup;
			children = (
				2A797ECD1D6DA072008B0459 /* 111.jpg */,
				2A6FC3AD1D2DF1430006CBE2 /* PHPackAge */,
				2A6FC3AC1D2DF1430006CBE2 /* Products */,
			);
			sourceTree = "<group>";
		};
		2A6FC3AC1D2DF1430006CBE2 /* Products */ = {
			isa = PBXGroup;
			children = (
				2A6FC3AB1D2DF1430006CBE2 /* PHPackAge.app */,
			);
			name = Products;
			sourceTree = "<group>";
		};
		2A6FC3AD1D2DF1430006CBE2 /* PHPackAge */ = {
			isa = PBXGroup;
			children = (
				2A45CA511D62A91500F7D9DA /* HTML */,
				2A4374D51D61AEAF00E02202 /* 3th */,
				2A6FC3C51D2DF16E0006CBE2 /* PH */,
				2A6FC3B11D2DF1430006CBE2 /* AppDelegate.h */,
				2A6FC3B21D2DF1430006CBE2 /* AppDelegate.m */,
				2A6FC3D31D2DF1950006CBE2 /* ViewController.h */,
				2A6FC3D41D2DF1950006CBE2 /* ViewController.m */,
				2A6FC3B71D2DF1430006CBE2 /* Main.storyboard */,
				2A6FC3BA1D2DF1430006CBE2 /* Assets.xcassets */,
				2A6FC3BC1D2DF1430006CBE2 /* LaunchScreen.storyboard */,
				2A6FC3BF1D2DF1430006CBE2 /* Info.plist */,
				2A6FC3AE1D2DF1430006CBE2 /* Supporting Files */,
			);
			path = PHPackAge;
			sourceTree = "<group>";
		};
		2A6FC3AE1D2DF1430006CBE2 /* Supporting Files */ = {
			isa = PBXGroup;
			children = (
				2A6FC3AF1D2DF1430006CBE2 /* main.m */,
			);
			name = "Supporting Files";
			sourceTree = "<group>";
		};
		2A6FC3C51D2DF16E0006CBE2 /* PH */ = {
			isa = PBXGroup;
			children = (
				2A0CDBD01D6EC9AD0012D04A /* Tool */,
				2A54E4491D5D75D4008CA6D2 /* 打印机 */,
				2A40CB651D5AB2BB00BF7A80 /* UIImage+Helper.h */,
				2A40CB661D5AB2BB00BF7A80 /* UIImage+Helper.m */,
				2A6FC3C61D2DF16E0006CBE2 /* PHCellView.h */,
				2A6FC3C71D2DF16E0006CBE2 /* PHCellView.m */,
				2A6FC3C81D2DF16E0006CBE2 /* PHDefine.h */,
				2AB68FAD1D5C3CE100C98438 /* SuperViewController.h */,
				2AB68FAE1D5C3CE100C98438 /* SuperViewController.m */,
				2A717B3B1D6AA6C100D83A4E /* CustomWebView.h */,
				2A717B3C1D6AA6C100D83A4E /* CustomWebView.m */,
				2A6FC3CB1D2DF16E0006CBE2 /* UIViewAdditions.h */,
				2A6FC3CC1D2DF16E0006CBE2 /* UIViewAdditions.m */,
			);
			path = PH;
			sourceTree = "<group>";
		};
/* End PBXGroup section */

/* Begin PBXNativeTarget section */
		2A6FC3AA1D2DF1430006CBE2 /* PHPackAge */ = {
			isa = PBXNativeTarget;
			buildConfigurationList = 2A6FC3C21D2DF1430006CBE2 /* Build configuration list for PBXNativeTarget "PHPackAge" */;
			buildPhases = (
				2A6FC3A71D2DF1430006CBE2 /* Sources */,
				2A6FC3A81D2DF1430006CBE2 /* Frameworks */,
				2A6FC3A91D2DF1430006CBE2 /* Resources */,
			);
			buildRules = (
			);
			dependencies = (
			);
			name = PHPackAge;
			productName = PHPackAge;
			productReference = 2A6FC3AB1D2DF1430006CBE2 /* PHPackAge.app */;
			productType = "com.apple.product-type.application";
		};
/* End PBXNativeTarget section */

/* Begin PBXProject section */
		2A6FC3A31D2DF1430006CBE2 /* Project object */ = {
			isa = PBXProject;
			attributes = {
				LastUpgradeCheck = 0730;
				ORGANIZATIONNAME = wdx;
				TargetAttributes = {
					2A6FC3AA1D2DF1430006CBE2 = {
						CreatedOnToolsVersion = 7.3;
					};
				};
			};
			buildConfigurationList = 2A6FC3A61D2DF1430006CBE2 /* Build configuration list for PBXProject "PHPackAge" */;
			compatibilityVersion = "Xcode 3.2";
			developmentRegion = English;
			hasScannedForEncodings = 0;
			knownRegions = (
				en,
				Base,
			);
			mainGroup = 2A6FC3A21D2DF1430006CBE2;
			productRefGroup = 2A6FC3AC1D2DF1430006CBE2 /* Products */;
			projectDirPath = "";
			projectRoot = "";
			targets = (
				2A6FC3AA1D2DF1430006CBE2 /* PHPackAge */,
			);
		};
/* End PBXProject section */

/* Begin PBXResourcesBuildPhase section */
		2A6FC3A91D2DF1430006CBE2 /* Resources */ = {
			isa = PBXResourcesBuildPhase;
			buildActionMask = 2147483647;
			files = (
				2A45CA531D62A91500F7D9DA /* example.html in Resources */,
				2A797ECE1D6DA072008B0459 /* 111.jpg in Resources */,
				2A6FC3BE1D2DF1430006CBE2 /* LaunchScreen.storyboard in Resources */,
				2A5DEA8E1D65482E00155CAC /* index.w.html in Resources */,
				2A6FC3BB1D2DF1430006CBE2 /* Assets.xcassets in Resources */,
				2A4374F11D61AEAF00E02202 /* Info.plist in Resources */,
				2A6FC3B91D2DF1430006CBE2 /* Main.storyboard in Resources */,
			);
			runOnlyForDeploymentPostprocessing = 0;
		};
/* End PBXResourcesBuildPhase section */

/* Begin PBXSourcesBuildPhase section */
		2A6FC3A71D2DF1430006CBE2 /* Sources */ = {
			isa = PBXSourcesBuildPhase;
			buildActionMask = 2147483647;
			files = (
				2AB68FAF1D5C3CE100C98438 /* SuperViewController.m in Sources */,
				2A40CB671D5AB2BB00BF7A80 /* UIImage+Helper.m in Sources */,
				2A6FC3D51D2DF1950006CBE2 /* ViewController.m in Sources */,
				2A4374F21D61AEAF00E02202 /* MASCompositeConstraint.m in Sources */,
				2A6FC3B31D2DF1430006CBE2 /* AppDelegate.m in Sources */,
				2A0CDBDB1D6EC9AD0012D04A /* PHCalendar.m in Sources */,
				2A717B3D1D6AA6C100D83A4E /* CustomWebView.m in Sources */,
				2A4374F71D61AEAF00E02202 /* MASViewConstraint.m in Sources */,
				2A0CDBDD1D6EC9AD0012D04A /* PHCalendarItem.m in Sources */,
				2A6FC3CF1D2DF16E0006CBE2 /* UIViewAdditions.m in Sources */,
				2A4374FA1D61AEAF00E02202 /* View+MASAdditions.m in Sources */,
				2A4374F91D61AEAF00E02202 /* NSLayoutConstraint+MASDebugAdditions.m in Sources */,
				2A4374F51D61AEAF00E02202 /* MASLayoutConstraint.m in Sources */,
				2A4374FB1D61AEAF00E02202 /* ViewController+MASAdditions.m in Sources */,
				2A4374F41D61AEAF00E02202 /* MASConstraintMaker.m in Sources */,
				2A0CDBDC1D6EC9AD0012D04A /* PHCalendarContentVC.m in Sources */,
				2A6FC3CD1D2DF16E0006CBE2 /* PHCellView.m in Sources */,
				2A6FC3B01D2DF1430006CBE2 /* main.m in Sources */,
				2A54E44C1D5D7828008CA6D2 /* PHPrinter.m in Sources */,
				2A4374F81D61AEAF00E02202 /* NSArray+MASAdditions.m in Sources */,
				2A4374F61D61AEAF00E02202 /* MASViewAttribute.m in Sources */,
				2A45B9791D70174E00077248 /* ImageCutTool.m in Sources */,
				2A4374F31D61AEAF00E02202 /* MASConstraint.m in Sources */,
			);
			runOnlyForDeploymentPostprocessing = 0;
		};
/* End PBXSourcesBuildPhase section */

/* Begin PBXVariantGroup section */
		2A6FC3B71D2DF1430006CBE2 /* Main.storyboard */ = {
			isa = PBXVariantGroup;
			children = (
				2A6FC3B81D2DF1430006CBE2 /* Base */,
			);
			name = Main.storyboard;
			sourceTree = "<group>";
		};
		2A6FC3BC1D2DF1430006CBE2 /* LaunchScreen.storyboard */ = {
			isa = PBXVariantGroup;
			children = (
				2A6FC3BD1D2DF1430006CBE2 /* Base */,
			);
			name = LaunchScreen.storyboard;
			sourceTree = "<group>";
		};
/* End PBXVariantGroup section */

/* Begin XCBuildConfiguration section */
		2A6FC3C01D2DF1430006CBE2 /* Debug */ = {
			isa = XCBuildConfiguration;
			buildSettings = {
				ALWAYS_SEARCH_USER_PATHS = NO;
				CLANG_ANALYZER_NONNULL = YES;
				CLANG_CXX_LANGUAGE_STANDARD = "gnu++0x";
				CLANG_CXX_LIBRARY = "libc++";
				CLANG_ENABLE_MODULES = YES;
				CLANG_ENABLE_OBJC_ARC = YES;
				CLANG_WARN_BOOL_CONVERSION = YES;
				CLANG_WARN_CONSTANT_CONVERSION = YES;
				CLANG_WARN_DIRECT_OBJC_ISA_USAGE = YES_ERROR;
				CLANG_WARN_EMPTY_BODY = YES;
				CLANG_WARN_ENUM_CONVERSION = YES;
				CLANG_WARN_INT_CONVERSION = YES;
				CLANG_WARN_OBJC_ROOT_CLASS = YES_ERROR;
				CLANG_WARN_UNREACHABLE_CODE = YES;
				CLANG_WARN__DUPLICATE_METHOD_MATCH = YES;
				"CODE_SIGN_IDENTITY[sdk=iphoneos*]" = "iPhone Developer";
				COPY_PHASE_STRIP = NO;
				DEBUG_INFORMATION_FORMAT = dwarf;
				ENABLE_STRICT_OBJC_MSGSEND = YES;
				ENABLE_TESTABILITY = YES;
				GCC_C_LANGUAGE_STANDARD = gnu99;
				GCC_DYNAMIC_NO_PIC = NO;
				GCC_NO_COMMON_BLOCKS = YES;
				GCC_OPTIMIZATION_LEVEL = 0;
				GCC_PREPROCESSOR_DEFINITIONS = (
					"DEBUG=1",
					"$(inherited)",
				);
				GCC_WARN_64_TO_32_BIT_CONVERSION = YES;
				GCC_WARN_ABOUT_RETURN_TYPE = YES_ERROR;
				GCC_WARN_UNDECLARED_SELECTOR = YES;
				GCC_WARN_UNINITIALIZED_AUTOS = YES_AGGRESSIVE;
				GCC_WARN_UNUSED_FUNCTION = YES;
				GCC_WARN_UNUSED_VARIABLE = YES;
				IPHONEOS_DEPLOYMENT_TARGET = 9.3;
				MTL_ENABLE_DEBUG_INFO = YES;
				ONLY_ACTIVE_ARCH = YES;
				SDKROOT = iphoneos;
			};
			name = Debug;
		};
		2A6FC3C11D2DF1430006CBE2 /* Release */ = {
			isa = XCBuildConfiguration;
			buildSettings = {
				ALWAYS_SEARCH_USER_PATHS = NO;
				CLANG_ANALYZER_NONNULL = YES;
				CLANG_CXX_LANGUAGE_STANDARD = "gnu++0x";
				CLANG_CXX_LIBRARY = "libc++";
				CLANG_ENABLE_MODULES = YES;
				CLANG_ENABLE_OBJC_ARC = YES;
				CLANG_WARN_BOOL_CONVERSION = YES;
				CLANG_WARN_CONSTANT_CONVERSION = YES;
				CLANG_WARN_DIRECT_OBJC_ISA_USAGE = YES_ERROR;
				CLANG_WARN_EMPTY_BODY = YES;
				CLANG_WARN_ENUM_CONVERSION = YES;
				CLANG_WARN_INT_CONVERSION = YES;
				CLANG_WARN_OBJC_ROOT_CLASS = YES_ERROR;
				CLANG_WARN_UNREACHABLE_CODE = YES;
				CLANG_WARN__DUPLICATE_METHOD_MATCH = YES;
				"CODE_SIGN_IDENTITY[sdk=iphoneos*]" = "iPhone Developer";
				COPY_PHASE_STRIP = NO;
				DEBUG_INFORMATION_FORMAT = "dwarf-with-dsym";
				ENABLE_NS_ASSERTIONS = NO;
				ENABLE_STRICT_OBJC_MSGSEND = YES;
				GCC_C_LANGUAGE_STANDARD = gnu99;
				GCC_NO_COMMON_BLOCKS = YES;
				GCC_WARN_64_TO_32_BIT_CONVERSION = YES;
				GCC_WARN_ABOUT_RETURN_TYPE = YES_ERROR;
				GCC_WARN_UNDECLARED_SELECTOR = YES;
				GCC_WARN_UNINITIALIZED_AUTOS = YES_AGGRESSIVE;
				GCC_WARN_UNUSED_FUNCTION = YES;
				GCC_WARN_UNUSED_VARIABLE = YES;
				IPHONEOS_DEPLOYMENT_TARGET = 9.3;
				MTL_ENABLE_DEBUG_INFO = NO;
				SDKROOT = iphoneos;
				VALIDATE_PRODUCT = YES;
			};
			name = Release;
		};
		2A6FC3C31D2DF1430006CBE2 /* Debug */ = {
			isa = XCBuildConfiguration;
			buildSettings = {
				ASSETCATALOG_COMPILER_APPICON_NAME = AppIcon;
				INFOPLIST_FILE = PHPackAge/Info.plist;
				LD_RUNPATH_SEARCH_PATHS = "$(inherited) @executable_path/Frameworks";
				PRODUCT_BUNDLE_IDENTIFIER = com.wdx.PHPackAge;
				PRODUCT_NAME = "$(TARGET_NAME)";
			};
			name = Debug;
		};
		2A6FC3C41D2DF1430006CBE2 /* Release */ = {
			isa = XCBuildConfiguration;
			buildSettings = {
				ASSETCATALOG_COMPILER_APPICON_NAME = AppIcon;
				INFOPLIST_FILE = PHPackAge/Info.plist;
				LD_RUNPATH_SEARCH_PATHS = "$(inherited) @executable_path/Frameworks";
				PRODUCT_BUNDLE_IDENTIFIER = com.wdx.PHPackAge;
				PRODUCT_NAME = "$(TARGET_NAME)";
			};
			name = Release;
		};
/* End XCBuildConfiguration section */

/* Begin XCConfigurationList section */
		2A6FC3A61D2DF1430006CBE2 /* Build configuration list for PBXProject "PHPackAge" */ = {
			isa = XCConfigurationList;
			buildConfigurations = (
				2A6FC3C01D2DF1430006CBE2 /* Debug */,
				2A6FC3C11D2DF1430006CBE2 /* Release */,
			);
			defaultConfigurationIsVisible = 0;
			defaultConfigurationName = Release;
		};
		2A6FC3C21D2DF1430006CBE2 /* Build configuration list for PBXNativeTarget "PHPackAge" */ = {
			isa = XCConfigurationList;
			buildConfigurations = (
				2A6FC3C31D2DF1430006CBE2 /* Debug */,
				2A6FC3C41D2DF1430006CBE2 /* Release */,
			);
			defaultConfigurationIsVisible = 0;
			defaultConfigurationName = Release;
		};
/* End XCConfigurationList section */
	};
	rootObject = 2A6FC3A31D2DF1430006CBE2 /* Project object */;
}
