// !$*UTF8*$!
{
	archiveVersion = 1;
	classes = {
	};
	objectVersion = 46;
	objects = {

/* Begin PBXBuildFile section */
		0AB666AF1F24360B00329AE1 /* PHPush.m in Sources */ = {isa = PBXBuildFile; fileRef = 0AB666761F24360B00329AE1 /* PHPush.m */; };
		0AB666B01F24360B00329AE1 /* RunTimeHelper.m in Sources */ = {isa = PBXBuildFile; fileRef = 0AB666791F24360B00329AE1 /* RunTimeHelper.m */; };
		0AB666B11F24360B00329AE1 /* LatexView.m in Sources */ = {isa = PBXBuildFile; fileRef = 0AB6667C1F24360B00329AE1 /* LatexView.m */; };
		0AB666B21F24360B00329AE1 /* LaunchAdView.m in Sources */ = {isa = PBXBuildFile; fileRef = 0AB6667F1F24360B00329AE1 /* LaunchAdView.m */; };
		0AB666B31F24360B00329AE1 /* NSString+Helper.m in Sources */ = {isa = PBXBuildFile; fileRef = 0AB666821F24360B00329AE1 /* NSString+Helper.m */; };
		0AB666B51F24360B00329AE1 /* UIImage+Helper.m in Sources */ = {isa = PBXBuildFile; fileRef = 0AB666861F24360B00329AE1 /* UIImage+Helper.m */; };
		0AB666B61F24360B00329AE1 /* UILabel+Helper.m in Sources */ = {isa = PBXBuildFile; fileRef = 0AB666881F24360B00329AE1 /* UILabel+Helper.m */; };
		0AB666B71F24360B00329AE1 /* UIView+Helper.m in Sources */ = {isa = PBXBuildFile; fileRef = 0AB6668A1F24360B00329AE1 /* UIView+Helper.m */; };
		0AB666B81F24360B00329AE1 /* UIViewAdditions.m in Sources */ = {isa = PBXBuildFile; fileRef = 0AB6668C1F24360B00329AE1 /* UIViewAdditions.m */; };
		0AB666B91F24360B00329AE1 /* HSDownloadManager.m in Sources */ = {isa = PBXBuildFile; fileRef = 0AB6668F1F24360B00329AE1 /* HSDownloadManager.m */; };
		0AB666BA1F24360B00329AE1 /* HSSessionModel.m in Sources */ = {isa = PBXBuildFile; fileRef = 0AB666911F24360B00329AE1 /* HSSessionModel.m */; };
		0AB666BB1F24360B00329AE1 /* NSString+Hash.m in Sources */ = {isa = PBXBuildFile; fileRef = 0AB666941F24360B00329AE1 /* NSString+Hash.m */; };
		0AB666BC1F24360B00329AE1 /* ImageCutTool.m in Sources */ = {isa = PBXBuildFile; fileRef = 0AB666971F24360B00329AE1 /* ImageCutTool.m */; };
		0AB666BD1F24360B00329AE1 /* PHButton.m in Sources */ = {isa = PBXBuildFile; fileRef = 0AB6669A1F24360B00329AE1 /* PHButton.m */; };
		0AB666BE1F24360B00329AE1 /* PHCommentStarView.m in Sources */ = {isa = PBXBuildFile; fileRef = 0AB6669D1F24360B00329AE1 /* PHCommentStarView.m */; };
		0AB666BF1F24360B00329AE1 /* PHCustomTabbarController.m in Sources */ = {isa = PBXBuildFile; fileRef = 0AB666A01F24360B00329AE1 /* PHCustomTabbarController.m */; };
		0AB666C01F24360B00329AE1 /* PHDownLoader.m in Sources */ = {isa = PBXBuildFile; fileRef = 0AB666A21F24360B00329AE1 /* PHDownLoader.m */; };
		0AB666C11F24360B00329AE1 /* PHPopBox.m in Sources */ = {isa = PBXBuildFile; fileRef = 0AB666A51F24360B00329AE1 /* PHPopBox.m */; };
		0AB666C21F24360B00329AE1 /* PHSocketManager.m in Sources */ = {isa = PBXBuildFile; fileRef = 0AB666A81F24360B00329AE1 /* PHSocketManager.m */; };
		0AB666C41F24360B00329AE1 /* YanButton.m in Sources */ = {isa = PBXBuildFile; fileRef = 0AB666AE1F24360B00329AE1 /* YanButton.m */; };
		2A0CDBDB1D6EC9AD0012D04A /* PHCalendar.m in Sources */ = {isa = PBXBuildFile; fileRef = 2A0CDBD31D6EC9AD0012D04A /* PHCalendar.m */; };
		2A0CDBDC1D6EC9AD0012D04A /* PHCalendarContentVC.m in Sources */ = {isa = PBXBuildFile; fileRef = 2A0CDBD51D6EC9AD0012D04A /* PHCalendarContentVC.m */; };
		2A0CDBDD1D6EC9AD0012D04A /* PHCalendarItem.m in Sources */ = {isa = PBXBuildFile; fileRef = 2A0CDBD71D6EC9AD0012D04A /* PHCalendarItem.m */; };
		2A40CB671D5AB2BB00BF7A80 /* UIImage+Helper.m in Sources */ = {isa = PBXBuildFile; fileRef = 2A40CB661D5AB2BB00BF7A80 /* UIImage+Helper.m */; };
		2A45CA531D62A91500F7D9DA /* example.html in Resources */ = {isa = PBXBuildFile; fileRef = 2A45CA521D62A91500F7D9DA /* example.html */; };
		2A54E44C1D5D7828008CA6D2 /* PHPrinter.m in Sources */ = {isa = PBXBuildFile; fileRef = 2A54E44B1D5D7828008CA6D2 /* PHPrinter.m */; };
		2A5DEA8E1D65482E00155CAC /* index.w.html in Resources */ = {isa = PBXBuildFile; fileRef = 2A5DEA8D1D65482E00155CAC /* index.w.html */; };
		2A6FC3B01D2DF1430006CBE2 /* main.m in Sources */ = {isa = PBXBuildFile; fileRef = 2A6FC3AF1D2DF1430006CBE2 /* main.m */; };
		2A6FC3B31D2DF1430006CBE2 /* AppDelegate.m in Sources */ = {isa = PBXBuildFile; fileRef = 2A6FC3B21D2DF1430006CBE2 /* AppDelegate.m */; };
		2A6FC3B91D2DF1430006CBE2 /* Main.storyboard in Resources */ = {isa = PBXBuildFile; fileRef = 2A6FC3B71D2DF1430006CBE2 /* Main.storyboard */; };
		2A6FC3BB1D2DF1430006CBE2 /* Assets.xcassets in Resources */ = {isa = PBXBuildFile; fileRef = 2A6FC3BA1D2DF1430006CBE2 /* Assets.xcassets */; };
		2A6FC3BE1D2DF1430006CBE2 /* LaunchScreen.storyboard in Resources */ = {isa = PBXBuildFile; fileRef = 2A6FC3BC1D2DF1430006CBE2 /* LaunchScreen.storyboard */; };
		2A6FC3CD1D2DF16E0006CBE2 /* PHCellView.m in Sources */ = {isa = PBXBuildFile; fileRef = 2A6FC3C71D2DF16E0006CBE2 /* PHCellView.m */; };
		2A6FC3CF1D2DF16E0006CBE2 /* UIViewAdditions.m in Sources */ = {isa = PBXBuildFile; fileRef = 2A6FC3CC1D2DF16E0006CBE2 /* UIViewAdditions.m */; };
		2A6FC3D51D2DF1950006CBE2 /* ViewController.m in Sources */ = {isa = PBXBuildFile; fileRef = 2A6FC3D41D2DF1950006CBE2 /* ViewController.m */; };
		2A717B3D1D6AA6C100D83A4E /* CustomWebView.m in Sources */ = {isa = PBXBuildFile; fileRef = 2A717B3C1D6AA6C100D83A4E /* CustomWebView.m */; };
		2A797ECE1D6DA072008B0459 /* 111.jpg in Resources */ = {isa = PBXBuildFile; fileRef = 2A797ECD1D6DA072008B0459 /* 111.jpg */; };
		2AB68FAF1D5C3CE100C98438 /* SuperViewController.m in Sources */ = {isa = PBXBuildFile; fileRef = 2AB68FAE1D5C3CE100C98438 /* SuperViewController.m */; };
		820EE39F0676A9C4EF7102DC /* libPods-PHPackAge.a in Frameworks */ = {isa = PBXBuildFile; fileRef = 2658EE9FD4E434EBCF6D2150 /* libPods-PHPackAge.a */; };
		EF035BC6200C7C9F0071EED4 /* DemoTableViewCell.m in Sources */ = {isa = PBXBuildFile; fileRef = EF035BC5200C7C9F0071EED4 /* DemoTableViewCell.m */; };
		EF035BD5200CD1740071EED4 /* PHCellHeight.m in Sources */ = {isa = PBXBuildFile; fileRef = EF035BD3200CD1730071EED4 /* PHCellHeight.m */; };
		EF035BD8200CD3860071EED4 /* UITextField+MaxLimit.m in Sources */ = {isa = PBXBuildFile; fileRef = EF035BD7200CD3860071EED4 /* UITextField+MaxLimit.m */; };
		EF055EA11FFE204E0095936D /* PHRishShowWebView.m in Sources */ = {isa = PBXBuildFile; fileRef = EF055EA01FFE204E0095936D /* PHRishShowWebView.m */; };
		EF0893ED1FE6717400BFB882 /* PHImagePickerController.m in Sources */ = {isa = PBXBuildFile; fileRef = EF0893EC1FE6717400BFB882 /* PHImagePickerController.m */; };
		EF0893F01FE67D4D00BFB882 /* PHRishEditModel.m in Sources */ = {isa = PBXBuildFile; fileRef = EF0893EF1FE67D4D00BFB882 /* PHRishEditModel.m */; };
		EF34273F1FE64CA900F80440 /* PHRishEditViewController.m in Sources */ = {isa = PBXBuildFile; fileRef = EF34273E1FE64CA900F80440 /* PHRishEditViewController.m */; };
		EF3427421FE64CD600F80440 /* PHRishEditView.m in Sources */ = {isa = PBXBuildFile; fileRef = EF3427411FE64CD600F80440 /* PHRishEditView.m */; };
		EF3427451FE64CEC00F80440 /* PHRishEditCellView.m in Sources */ = {isa = PBXBuildFile; fileRef = EF3427441FE64CEC00F80440 /* PHRishEditCellView.m */; };
		EF3427481FE6518D00F80440 /* PHRishEditTextCellView.m in Sources */ = {isa = PBXBuildFile; fileRef = EF3427471FE6518D00F80440 /* PHRishEditTextCellView.m */; };
		EF34274B1FE651A600F80440 /* PHRishEditImgCellView.m in Sources */ = {isa = PBXBuildFile; fileRef = EF34274A1FE651A600F80440 /* PHRishEditImgCellView.m */; };
		EF5D14B21FE3D368003592B2 /* PHBaseViewController.m in Sources */ = {isa = PBXBuildFile; fileRef = EF5D14B11FE3D368003592B2 /* PHBaseViewController.m */; };
		EF6EBFE41FFCAF8D00814891 /* DemoViewController.m in Sources */ = {isa = PBXBuildFile; fileRef = EF6EBFE31FFCAF8D00814891 /* DemoViewController.m */; };
		EF783F0F2008763600454EB6 /* NSObject+Extension.swift in Sources */ = {isa = PBXBuildFile; fileRef = EF783ECF2008763600454EB6 /* NSObject+Extension.swift */; };
		EF783F102008763600454EB6 /* UIView+Extension.swift in Sources */ = {isa = PBXBuildFile; fileRef = EF783ED02008763600454EB6 /* UIView+Extension.swift */; };
		EF783F112008763600454EB6 /* String+Extension.swift in Sources */ = {isa = PBXBuildFile; fileRef = EF783ED12008763600454EB6 /* String+Extension.swift */; };
		EF783F122008763600454EB6 /* UIScrollView+Extension.swift in Sources */ = {isa = PBXBuildFile; fileRef = EF783ED22008763600454EB6 /* UIScrollView+Extension.swift */; };
		EF783F132008763600454EB6 /* UIPageViewController+Extension.swift in Sources */ = {isa = PBXBuildFile; fileRef = EF783ED32008763600454EB6 /* UIPageViewController+Extension.swift */; };
		EF783F142008763600454EB6 /* UITableView+Extension.swift in Sources */ = {isa = PBXBuildFile; fileRef = EF783ED42008763600454EB6 /* UITableView+Extension.swift */; };
		EF783F152008763600454EB6 /* DZMSegmentedControl.swift in Sources */ = {isa = PBXBuildFile; fileRef = EF783ED62008763600454EB6 /* DZMSegmentedControl.swift */; };
		EF783F162008763600454EB6 /* DZMHaloButton.swift in Sources */ = {isa = PBXBuildFile; fileRef = EF783ED72008763600454EB6 /* DZMHaloButton.swift */; };
		EF783F172008763600454EB6 /* DZMUserDefaults.swift in Sources */ = {isa = PBXBuildFile; fileRef = EF783ED82008763600454EB6 /* DZMUserDefaults.swift */; };
		EF783F182008763600454EB6 /* DZMGlobalMethod.swift in Sources */ = {isa = PBXBuildFile; fileRef = EF783EDA2008763600454EB6 /* DZMGlobalMethod.swift */; };
		EF783F192008763600454EB6 /* DZMGlobalProperty.swift in Sources */ = {isa = PBXBuildFile; fileRef = EF783EDB2008763600454EB6 /* DZMGlobalProperty.swift */; };
		EF783F1A2008763600454EB6 /* DZMCoverController.m in Sources */ = {isa = PBXBuildFile; fileRef = EF783EDF2008763600454EB6 /* DZMCoverController.m */; };
		EF783F1B2008763600454EB6 /* UINavigationController+FDFullscreenPopGesture.m in Sources */ = {isa = PBXBuildFile; fileRef = EF783EE22008763600454EB6 /* UINavigationController+FDFullscreenPopGesture.m */; };
		EF783F1C2008763600454EB6 /* ASValuePopUpView.m in Sources */ = {isa = PBXBuildFile; fileRef = EF783EE62008763600454EB6 /* ASValuePopUpView.m */; };
		EF783F1D2008763600454EB6 /* ASValueTrackingSlider.m in Sources */ = {isa = PBXBuildFile; fileRef = EF783EE72008763600454EB6 /* ASValueTrackingSlider.m */; };
		EF783F1E2008763600454EB6 /* UIView+YGPulseView.m in Sources */ = {isa = PBXBuildFile; fileRef = EF783EE92008763600454EB6 /* UIView+YGPulseView.m */; };
		EF783F1F2008763600454EB6 /* DZMMagnifierView.m in Sources */ = {isa = PBXBuildFile; fileRef = EF783EED2008763600454EB6 /* DZMMagnifierView.m */; };
		EF783F202008763600454EB6 /* DZMBatteryView.swift in Sources */ = {isa = PBXBuildFile; fileRef = EF783EEE2008763600454EB6 /* DZMBatteryView.swift */; };
		EF783F212008763600454EB6 /* DZMViewController.swift in Sources */ = {isa = PBXBuildFile; fileRef = EF783EF02008763600454EB6 /* DZMViewController.swift */; };
		EF783F222008763600454EB6 /* DZMReadOperation.swift in Sources */ = {isa = PBXBuildFile; fileRef = EF783EF22008763600454EB6 /* DZMReadOperation.swift */; };
		EF783F232008763600454EB6 /* DZMReadParser.swift in Sources */ = {isa = PBXBuildFile; fileRef = EF783EF32008763600454EB6 /* DZMReadParser.swift */; };
		EF783F242008763600454EB6 /* DZMReadViewController.swift in Sources */ = {isa = PBXBuildFile; fileRef = EF783EF42008763600454EB6 /* DZMReadViewController.swift */; };
		EF783F252008763600454EB6 /* DZMReadConfigure.swift in Sources */ = {isa = PBXBuildFile; fileRef = EF783EF52008763600454EB6 /* DZMReadConfigure.swift */; };
		EF783F262008763600454EB6 /* DZMReadAuxiliary.swift in Sources */ = {isa = PBXBuildFile; fileRef = EF783EF62008763600454EB6 /* DZMReadAuxiliary.swift */; };
		EF783F272008763600454EB6 /* DZMReadController.swift in Sources */ = {isa = PBXBuildFile; fileRef = EF783EF72008763600454EB6 /* DZMReadController.swift */; };
		EF783F282008763600454EB6 /* DZMReadBGController.swift in Sources */ = {isa = PBXBuildFile; fileRef = EF783EF82008763600454EB6 /* DZMReadBGController.swift */; };
		EF783F292008763600454EB6 /* DZMRMColorView.swift in Sources */ = {isa = PBXBuildFile; fileRef = EF783EFB2008763600454EB6 /* DZMRMColorView.swift */; };
		EF783F2A2008763600454EB6 /* DZMRMSettingView.swift in Sources */ = {isa = PBXBuildFile; fileRef = EF783EFC2008763600454EB6 /* DZMRMSettingView.swift */; };
		EF783F2B2008763600454EB6 /* DZMRMFuncView.swift in Sources */ = {isa = PBXBuildFile; fileRef = EF783EFD2008763600454EB6 /* DZMRMFuncView.swift */; };
		EF783F2C2008763600454EB6 /* DZMRMBottomView.swift in Sources */ = {isa = PBXBuildFile; fileRef = EF783EFE2008763600454EB6 /* DZMRMBottomView.swift */; };
		EF783F2D2008763600454EB6 /* DZMRMStatusView.swift in Sources */ = {isa = PBXBuildFile; fileRef = EF783EFF2008763600454EB6 /* DZMRMStatusView.swift */; };
		EF783F2E2008763600454EB6 /* DZMRMLeftView.swift in Sources */ = {isa = PBXBuildFile; fileRef = EF783F002008763600454EB6 /* DZMRMLeftView.swift */; };
		EF783F2F2008763600454EB6 /* DZMReadMenu.swift in Sources */ = {isa = PBXBuildFile; fileRef = EF783F012008763600454EB6 /* DZMReadMenu.swift */; };
		EF783F302008763600454EB6 /* DZMRMTopView.swift in Sources */ = {isa = PBXBuildFile; fileRef = EF783F022008763600454EB6 /* DZMRMTopView.swift */; };
		EF783F312008763600454EB6 /* DZMRMBaseView.swift in Sources */ = {isa = PBXBuildFile; fileRef = EF783F032008763600454EB6 /* DZMRMBaseView.swift */; };
		EF783F322008763600454EB6 /* DZMRMLightView.swift in Sources */ = {isa = PBXBuildFile; fileRef = EF783F042008763600454EB6 /* DZMRMLightView.swift */; };
		EF783F332008763600454EB6 /* DZMReadRecordModel.swift in Sources */ = {isa = PBXBuildFile; fileRef = EF783F062008763600454EB6 /* DZMReadRecordModel.swift */; };
		EF783F342008763600454EB6 /* DZMReadModel.swift in Sources */ = {isa = PBXBuildFile; fileRef = EF783F072008763600454EB6 /* DZMReadModel.swift */; };
		EF783F352008763600454EB6 /* DZMReadChapterListModel.swift in Sources */ = {isa = PBXBuildFile; fileRef = EF783F082008763600454EB6 /* DZMReadChapterListModel.swift */; };
		EF783F362008763600454EB6 /* DZMReadMarkModel.swift in Sources */ = {isa = PBXBuildFile; fileRef = EF783F092008763600454EB6 /* DZMReadMarkModel.swift */; };
		EF783F372008763600454EB6 /* DZMReadChapterModel.swift in Sources */ = {isa = PBXBuildFile; fileRef = EF783F0A2008763600454EB6 /* DZMReadChapterModel.swift */; };
		EF783F382008763600454EB6 /* DZMReadViewCell.swift in Sources */ = {isa = PBXBuildFile; fileRef = EF783F0C2008763600454EB6 /* DZMReadViewCell.swift */; };
		EF783F392008763600454EB6 /* DZMCursorView.swift in Sources */ = {isa = PBXBuildFile; fileRef = EF783F0D2008763600454EB6 /* DZMCursorView.swift */; };
		EF783F3A2008763600454EB6 /* DZMReadView.swift in Sources */ = {isa = PBXBuildFile; fileRef = EF783F0E2008763600454EB6 /* DZMReadView.swift */; };
		EF783F3D200883AD00454EB6 /* ReaViewController.swift in Sources */ = {isa = PBXBuildFile; fileRef = EF783F3C200883AD00454EB6 /* ReaViewController.swift */; };
		EF8F4CE82019A1560064CF4A /* base64.m in Sources */ = {isa = PBXBuildFile; fileRef = EF8F4CE72019A1560064CF4A /* base64.m */; };
		EF90C3C720BE8A5000EA5CF1 /* TY_GoodsTableViewCell.m in Sources */ = {isa = PBXBuildFile; fileRef = EF90C3C620BE8A5000EA5CF1 /* TY_GoodsTableViewCell.m */; };
		EF90C3CA20BE8CBA00EA5CF1 /* TY_SearchCommissionerViewController.m in Sources */ = {isa = PBXBuildFile; fileRef = EF90C3C920BE8CBA00EA5CF1 /* TY_SearchCommissionerViewController.m */; };
		EF90C3CE20BE8EA100EA5CF1 /* TY_ShopMallTitleModel.m in Sources */ = {isa = PBXBuildFile; fileRef = EF90C3CD20BE8EA100EA5CF1 /* TY_ShopMallTitleModel.m */; };
		EF90C3D420BE939900EA5CF1 /* TY_ShopMallContentCellModel.m in Sources */ = {isa = PBXBuildFile; fileRef = EF90C3D320BE939900EA5CF1 /* TY_ShopMallContentCellModel.m */; };
		EFB6C5292021AFBB00039D62 /* SegViewController.m in Sources */ = {isa = PBXBuildFile; fileRef = EFB6C5282021AFBB00039D62 /* SegViewController.m */; };
		EFB6C52D2021B39B00039D62 /* TabBarController.m in Sources */ = {isa = PBXBuildFile; fileRef = EFB6C52C2021B39B00039D62 /* TabBarController.m */; };
		EFB6C5302021B3E900039D62 /* NavigationController.m in Sources */ = {isa = PBXBuildFile; fileRef = EFB6C52F2021B3E900039D62 /* NavigationController.m */; };
		EFD0D45F20BD55AE002BBEFB /* TY_ShopMallViewController.m in Sources */ = {isa = PBXBuildFile; fileRef = EFD0D45D20BD55AE002BBEFB /* TY_ShopMallViewController.m */; };
		EFD0D46320BD55EA002BBEFB /* H5ViewController.swift in Sources */ = {isa = PBXBuildFile; fileRef = EFD0D46220BD55EA002BBEFB /* H5ViewController.swift */; };
		EFD0D46720BD56B2002BBEFB /* PHCarouselView.m in Sources */ = {isa = PBXBuildFile; fileRef = EFD0D46620BD56B2002BBEFB /* PHCarouselView.m */; };
		EFD0D46A20BD5707002BBEFB /* PHSegmentViewController.m in Sources */ = {isa = PBXBuildFile; fileRef = EFD0D46820BD5707002BBEFB /* PHSegmentViewController.m */; };
		EFD0D46D20BD573B002BBEFB /* PHTabbarView.m in Sources */ = {isa = PBXBuildFile; fileRef = EFD0D46B20BD573B002BBEFB /* PHTabbarView.m */; };
		EFD0D47020BD5795002BBEFB /* FirstTableViewController.m in Sources */ = {isa = PBXBuildFile; fileRef = EFD0D46E20BD5794002BBEFB /* FirstTableViewController.m */; };
		EFD0D47320BD580A002BBEFB /* UIButton+Helper.m in Sources */ = {isa = PBXBuildFile; fileRef = EFD0D47120BD5809002BBEFB /* UIButton+Helper.m */; };
		EFD0D47720BD58D3002BBEFB /* MainTableViewCell.m in Sources */ = {isa = PBXBuildFile; fileRef = EFD0D47620BD58D3002BBEFB /* MainTableViewCell.m */; };
		EFD0D47D20BD5D60002BBEFB /* index.html in Resources */ = {isa = PBXBuildFile; fileRef = EFD0D47C20BD5D60002BBEFB /* index.html */; };
		EFD0D47F20BD5D82002BBEFB /* main.js in Resources */ = {isa = PBXBuildFile; fileRef = EFD0D47E20BD5D82002BBEFB /* main.js */; };
		EFD0D48120BD5D9B002BBEFB /* main.css in Resources */ = {isa = PBXBuildFile; fileRef = EFD0D48020BD5D9B002BBEFB /* main.css */; };
		EFD0D48720BD5F61002BBEFB /* DouYinPlayViewController.m in Sources */ = {isa = PBXBuildFile; fileRef = EFD0D48620BD5F61002BBEFB /* DouYinPlayViewController.m */; };
		EFF8D7B720D8957E00A20CEE /* IMMessageModel.m in Sources */ = {isa = PBXBuildFile; fileRef = EFF8D7B620D8957E00A20CEE /* IMMessageModel.m */; };
		EFF8D7BA20D897FA00A20CEE /* PHSocketTool.m in Sources */ = {isa = PBXBuildFile; fileRef = EFF8D7B920D897FA00A20CEE /* PHSocketTool.m */; };
		EFFB0A6020CF9B0500A48A4E /* IMViewController.m in Sources */ = {isa = PBXBuildFile; fileRef = EFFB0A5F20CF9B0500A48A4E /* IMViewController.m */; };
/* End PBXBuildFile section */

/* Begin PBXFileReference section */
		0AB666751F24360B00329AE1 /* PHPush.h */ = {isa = PBXFileReference; fileEncoding = 4; lastKnownFileType = sourcecode.c.h; path = PHPush.h; sourceTree = "<group>"; };
		0AB666761F24360B00329AE1 /* PHPush.m */ = {isa = PBXFileReference; fileEncoding = 4; lastKnownFileType = sourcecode.c.objc; path = PHPush.m; sourceTree = "<group>"; };
		0AB666781F24360B00329AE1 /* RunTimeHelper.h */ = {isa = PBXFileReference; fileEncoding = 4; lastKnownFileType = sourcecode.c.h; path = RunTimeHelper.h; sourceTree = "<group>"; };
		0AB666791F24360B00329AE1 /* RunTimeHelper.m */ = {isa = PBXFileReference; fileEncoding = 4; lastKnownFileType = sourcecode.c.objc; path = RunTimeHelper.m; sourceTree = "<group>"; };
		0AB6667B1F24360B00329AE1 /* LatexView.h */ = {isa = PBXFileReference; fileEncoding = 4; lastKnownFileType = sourcecode.c.h; path = LatexView.h; sourceTree = "<group>"; };
		0AB6667C1F24360B00329AE1 /* LatexView.m */ = {isa = PBXFileReference; fileEncoding = 4; lastKnownFileType = sourcecode.c.objc; path = LatexView.m; sourceTree = "<group>"; };
		0AB6667E1F24360B00329AE1 /* LaunchAdView.h */ = {isa = PBXFileReference; fileEncoding = 4; lastKnownFileType = sourcecode.c.h; path = LaunchAdView.h; sourceTree = "<group>"; };
		0AB6667F1F24360B00329AE1 /* LaunchAdView.m */ = {isa = PBXFileReference; fileEncoding = 4; lastKnownFileType = sourcecode.c.objc; path = LaunchAdView.m; sourceTree = "<group>"; };
		0AB666811F24360B00329AE1 /* NSString+Helper.h */ = {isa = PBXFileReference; fileEncoding = 4; lastKnownFileType = sourcecode.c.h; path = "NSString+Helper.h"; sourceTree = "<group>"; };
		0AB666821F24360B00329AE1 /* NSString+Helper.m */ = {isa = PBXFileReference; fileEncoding = 4; lastKnownFileType = sourcecode.c.objc; path = "NSString+Helper.m"; sourceTree = "<group>"; };
		0AB666851F24360B00329AE1 /* UIImage+Helper.h */ = {isa = PBXFileReference; fileEncoding = 4; lastKnownFileType = sourcecode.c.h; path = "UIImage+Helper.h"; sourceTree = "<group>"; };
		0AB666861F24360B00329AE1 /* UIImage+Helper.m */ = {isa = PBXFileReference; fileEncoding = 4; lastKnownFileType = sourcecode.c.objc; path = "UIImage+Helper.m"; sourceTree = "<group>"; };
		0AB666871F24360B00329AE1 /* UILabel+Helper.h */ = {isa = PBXFileReference; fileEncoding = 4; lastKnownFileType = sourcecode.c.h; path = "UILabel+Helper.h"; sourceTree = "<group>"; };
		0AB666881F24360B00329AE1 /* UILabel+Helper.m */ = {isa = PBXFileReference; fileEncoding = 4; lastKnownFileType = sourcecode.c.objc; path = "UILabel+Helper.m"; sourceTree = "<group>"; };
		0AB666891F24360B00329AE1 /* UIView+Helper.h */ = {isa = PBXFileReference; fileEncoding = 4; lastKnownFileType = sourcecode.c.h; path = "UIView+Helper.h"; sourceTree = "<group>"; };
		0AB6668A1F24360B00329AE1 /* UIView+Helper.m */ = {isa = PBXFileReference; fileEncoding = 4; lastKnownFileType = sourcecode.c.objc; path = "UIView+Helper.m"; sourceTree = "<group>"; };
		0AB6668B1F24360B00329AE1 /* UIViewAdditions.h */ = {isa = PBXFileReference; fileEncoding = 4; lastKnownFileType = sourcecode.c.h; path = UIViewAdditions.h; sourceTree = "<group>"; };
		0AB6668C1F24360B00329AE1 /* UIViewAdditions.m */ = {isa = PBXFileReference; fileEncoding = 4; lastKnownFileType = sourcecode.c.objc; path = UIViewAdditions.m; sourceTree = "<group>"; };
		0AB6668E1F24360B00329AE1 /* HSDownloadManager.h */ = {isa = PBXFileReference; fileEncoding = 4; lastKnownFileType = sourcecode.c.h; path = HSDownloadManager.h; sourceTree = "<group>"; };
		0AB6668F1F24360B00329AE1 /* HSDownloadManager.m */ = {isa = PBXFileReference; fileEncoding = 4; lastKnownFileType = sourcecode.c.objc; path = HSDownloadManager.m; sourceTree = "<group>"; };
		0AB666901F24360B00329AE1 /* HSSessionModel.h */ = {isa = PBXFileReference; fileEncoding = 4; lastKnownFileType = sourcecode.c.h; path = HSSessionModel.h; sourceTree = "<group>"; };
		0AB666911F24360B00329AE1 /* HSSessionModel.m */ = {isa = PBXFileReference; fileEncoding = 4; lastKnownFileType = sourcecode.c.objc; path = HSSessionModel.m; sourceTree = "<group>"; };
		0AB666931F24360B00329AE1 /* NSString+Hash.h */ = {isa = PBXFileReference; fileEncoding = 4; lastKnownFileType = sourcecode.c.h; path = "NSString+Hash.h"; sourceTree = "<group>"; };
		0AB666941F24360B00329AE1 /* NSString+Hash.m */ = {isa = PBXFileReference; fileEncoding = 4; lastKnownFileType = sourcecode.c.objc; path = "NSString+Hash.m"; sourceTree = "<group>"; };
		0AB666961F24360B00329AE1 /* ImageCutTool.h */ = {isa = PBXFileReference; fileEncoding = 4; lastKnownFileType = sourcecode.c.h; path = ImageCutTool.h; sourceTree = "<group>"; };
		0AB666971F24360B00329AE1 /* ImageCutTool.m */ = {isa = PBXFileReference; fileEncoding = 4; lastKnownFileType = sourcecode.c.objc; path = ImageCutTool.m; sourceTree = "<group>"; };
		0AB666991F24360B00329AE1 /* PHButton.h */ = {isa = PBXFileReference; fileEncoding = 4; lastKnownFileType = sourcecode.c.h; path = PHButton.h; sourceTree = "<group>"; };
		0AB6669A1F24360B00329AE1 /* PHButton.m */ = {isa = PBXFileReference; fileEncoding = 4; lastKnownFileType = sourcecode.c.objc; path = PHButton.m; sourceTree = "<group>"; };
		0AB6669C1F24360B00329AE1 /* PHCommentStarView.h */ = {isa = PBXFileReference; fileEncoding = 4; lastKnownFileType = sourcecode.c.h; path = PHCommentStarView.h; sourceTree = "<group>"; };
		0AB6669D1F24360B00329AE1 /* PHCommentStarView.m */ = {isa = PBXFileReference; fileEncoding = 4; lastKnownFileType = sourcecode.c.objc; path = PHCommentStarView.m; sourceTree = "<group>"; };
		0AB6669F1F24360B00329AE1 /* PHCustomTabbarController.h */ = {isa = PBXFileReference; fileEncoding = 4; lastKnownFileType = sourcecode.c.h; path = PHCustomTabbarController.h; sourceTree = "<group>"; };
		0AB666A01F24360B00329AE1 /* PHCustomTabbarController.m */ = {isa = PBXFileReference; fileEncoding = 4; lastKnownFileType = sourcecode.c.objc; path = PHCustomTabbarController.m; sourceTree = "<group>"; };
		0AB666A11F24360B00329AE1 /* PHDownLoader.h */ = {isa = PBXFileReference; fileEncoding = 4; lastKnownFileType = sourcecode.c.h; path = PHDownLoader.h; sourceTree = "<group>"; };
		0AB666A21F24360B00329AE1 /* PHDownLoader.m */ = {isa = PBXFileReference; fileEncoding = 4; lastKnownFileType = sourcecode.c.objc; path = PHDownLoader.m; sourceTree = "<group>"; };
		0AB666A41F24360B00329AE1 /* PHPopBox.h */ = {isa = PBXFileReference; fileEncoding = 4; lastKnownFileType = sourcecode.c.h; path = PHPopBox.h; sourceTree = "<group>"; };
		0AB666A51F24360B00329AE1 /* PHPopBox.m */ = {isa = PBXFileReference; fileEncoding = 4; lastKnownFileType = sourcecode.c.objc; path = PHPopBox.m; sourceTree = "<group>"; };
		0AB666A71F24360B00329AE1 /* PHSocketManager.h */ = {isa = PBXFileReference; fileEncoding = 4; lastKnownFileType = sourcecode.c.h; path = PHSocketManager.h; sourceTree = "<group>"; };
		0AB666A81F24360B00329AE1 /* PHSocketManager.m */ = {isa = PBXFileReference; fileEncoding = 4; lastKnownFileType = sourcecode.c.objc; path = PHSocketManager.m; sourceTree = "<group>"; };
		0AB666AD1F24360B00329AE1 /* YanButton.h */ = {isa = PBXFileReference; fileEncoding = 4; lastKnownFileType = sourcecode.c.h; path = YanButton.h; sourceTree = "<group>"; };
		0AB666AE1F24360B00329AE1 /* YanButton.m */ = {isa = PBXFileReference; fileEncoding = 4; lastKnownFileType = sourcecode.c.objc; path = YanButton.m; sourceTree = "<group>"; };
		2658EE9FD4E434EBCF6D2150 /* libPods-PHPackAge.a */ = {isa = PBXFileReference; explicitFileType = archive.ar; includeInIndex = 0; path = "libPods-PHPackAge.a"; sourceTree = BUILT_PRODUCTS_DIR; };
		2A0CDBD21D6EC9AD0012D04A /* PHCalendar.h */ = {isa = PBXFileReference; fileEncoding = 4; lastKnownFileType = sourcecode.c.h; path = PHCalendar.h; sourceTree = "<group>"; };
		2A0CDBD31D6EC9AD0012D04A /* PHCalendar.m */ = {isa = PBXFileReference; fileEncoding = 4; lastKnownFileType = sourcecode.c.objc; path = PHCalendar.m; sourceTree = "<group>"; };
		2A0CDBD41D6EC9AD0012D04A /* PHCalendarContentVC.h */ = {isa = PBXFileReference; fileEncoding = 4; lastKnownFileType = sourcecode.c.h; path = PHCalendarContentVC.h; sourceTree = "<group>"; };
		2A0CDBD51D6EC9AD0012D04A /* PHCalendarContentVC.m */ = {isa = PBXFileReference; fileEncoding = 4; lastKnownFileType = sourcecode.c.objc; path = PHCalendarContentVC.m; sourceTree = "<group>"; };
		2A0CDBD61D6EC9AD0012D04A /* PHCalendarItem.h */ = {isa = PBXFileReference; fileEncoding = 4; lastKnownFileType = sourcecode.c.h; path = PHCalendarItem.h; sourceTree = "<group>"; };
		2A0CDBD71D6EC9AD0012D04A /* PHCalendarItem.m */ = {isa = PBXFileReference; fileEncoding = 4; lastKnownFileType = sourcecode.c.objc; path = PHCalendarItem.m; sourceTree = "<group>"; };
		2A40CB651D5AB2BB00BF7A80 /* UIImage+Helper.h */ = {isa = PBXFileReference; fileEncoding = 4; lastKnownFileType = sourcecode.c.h; path = "UIImage+Helper.h"; sourceTree = "<group>"; };
		2A40CB661D5AB2BB00BF7A80 /* UIImage+Helper.m */ = {isa = PBXFileReference; fileEncoding = 4; lastKnownFileType = sourcecode.c.objc; path = "UIImage+Helper.m"; sourceTree = "<group>"; };
		2A45CA521D62A91500F7D9DA /* example.html */ = {isa = PBXFileReference; fileEncoding = 4; lastKnownFileType = text.html; path = example.html; sourceTree = "<group>"; };
		2A54E44A1D5D7828008CA6D2 /* PHPrinter.h */ = {isa = PBXFileReference; fileEncoding = 4; lastKnownFileType = sourcecode.c.h; name = PHPrinter.h; path = Printer/PHPrinter.h; sourceTree = "<group>"; };
		2A54E44B1D5D7828008CA6D2 /* PHPrinter.m */ = {isa = PBXFileReference; fileEncoding = 4; lastKnownFileType = sourcecode.c.objc; name = PHPrinter.m; path = Printer/PHPrinter.m; sourceTree = "<group>"; };
		2A5DEA8D1D65482E00155CAC /* index.w.html */ = {isa = PBXFileReference; fileEncoding = 4; lastKnownFileType = text.html; path = index.w.html; sourceTree = "<group>"; };
		2A6FC3AB1D2DF1430006CBE2 /* PHPackAge.app */ = {isa = PBXFileReference; explicitFileType = wrapper.application; includeInIndex = 0; path = PHPackAge.app; sourceTree = BUILT_PRODUCTS_DIR; };
		2A6FC3AF1D2DF1430006CBE2 /* main.m */ = {isa = PBXFileReference; lastKnownFileType = sourcecode.c.objc; path = main.m; sourceTree = "<group>"; };
		2A6FC3B11D2DF1430006CBE2 /* AppDelegate.h */ = {isa = PBXFileReference; lastKnownFileType = sourcecode.c.h; path = AppDelegate.h; sourceTree = "<group>"; };
		2A6FC3B21D2DF1430006CBE2 /* AppDelegate.m */ = {isa = PBXFileReference; lastKnownFileType = sourcecode.c.objc; path = AppDelegate.m; sourceTree = "<group>"; };
		2A6FC3B81D2DF1430006CBE2 /* Base */ = {isa = PBXFileReference; lastKnownFileType = file.storyboard; name = Base; path = Base.lproj/Main.storyboard; sourceTree = "<group>"; };
		2A6FC3BA1D2DF1430006CBE2 /* Assets.xcassets */ = {isa = PBXFileReference; lastKnownFileType = folder.assetcatalog; path = Assets.xcassets; sourceTree = "<group>"; };
		2A6FC3BD1D2DF1430006CBE2 /* Base */ = {isa = PBXFileReference; lastKnownFileType = file.storyboard; name = Base; path = Base.lproj/LaunchScreen.storyboard; sourceTree = "<group>"; };
		2A6FC3BF1D2DF1430006CBE2 /* Info.plist */ = {isa = PBXFileReference; lastKnownFileType = text.plist.xml; path = Info.plist; sourceTree = "<group>"; };
		2A6FC3C61D2DF16E0006CBE2 /* PHCellView.h */ = {isa = PBXFileReference; fileEncoding = 4; lastKnownFileType = sourcecode.c.h; path = PHCellView.h; sourceTree = "<group>"; };
		2A6FC3C71D2DF16E0006CBE2 /* PHCellView.m */ = {isa = PBXFileReference; fileEncoding = 4; lastKnownFileType = sourcecode.c.objc; path = PHCellView.m; sourceTree = "<group>"; };
		2A6FC3C81D2DF16E0006CBE2 /* PHDefine.h */ = {isa = PBXFileReference; fileEncoding = 4; lastKnownFileType = sourcecode.c.h; path = PHDefine.h; sourceTree = "<group>"; };
		2A6FC3CB1D2DF16E0006CBE2 /* UIViewAdditions.h */ = {isa = PBXFileReference; fileEncoding = 4; lastKnownFileType = sourcecode.c.h; path = UIViewAdditions.h; sourceTree = "<group>"; };
		2A6FC3CC1D2DF16E0006CBE2 /* UIViewAdditions.m */ = {isa = PBXFileReference; fileEncoding = 4; lastKnownFileType = sourcecode.c.objc; path = UIViewAdditions.m; sourceTree = "<group>"; };
		2A6FC3D31D2DF1950006CBE2 /* ViewController.h */ = {isa = PBXFileReference; fileEncoding = 4; lastKnownFileType = sourcecode.c.h; path = ViewController.h; sourceTree = "<group>"; };
		2A6FC3D41D2DF1950006CBE2 /* ViewController.m */ = {isa = PBXFileReference; fileEncoding = 4; lastKnownFileType = sourcecode.c.objc; path = ViewController.m; sourceTree = "<group>"; };
		2A717B3B1D6AA6C100D83A4E /* CustomWebView.h */ = {isa = PBXFileReference; fileEncoding = 4; lastKnownFileType = sourcecode.c.h; path = CustomWebView.h; sourceTree = "<group>"; };
		2A717B3C1D6AA6C100D83A4E /* CustomWebView.m */ = {isa = PBXFileReference; fileEncoding = 4; lastKnownFileType = sourcecode.c.objc; path = CustomWebView.m; sourceTree = "<group>"; };
		2A797ECD1D6DA072008B0459 /* 111.jpg */ = {isa = PBXFileReference; lastKnownFileType = image.jpeg; path = 111.jpg; sourceTree = "<group>"; };
		2AB68FAD1D5C3CE100C98438 /* SuperViewController.h */ = {isa = PBXFileReference; fileEncoding = 4; lastKnownFileType = sourcecode.c.h; path = SuperViewController.h; sourceTree = "<group>"; };
		2AB68FAE1D5C3CE100C98438 /* SuperViewController.m */ = {isa = PBXFileReference; fileEncoding = 4; lastKnownFileType = sourcecode.c.objc; path = SuperViewController.m; sourceTree = "<group>"; };
		3871CAFF40709CC18DB91D79 /* Pods-PHPackAge.debug.xcconfig */ = {isa = PBXFileReference; includeInIndex = 1; lastKnownFileType = text.xcconfig; name = "Pods-PHPackAge.debug.xcconfig"; path = "Pods/Target Support Files/Pods-PHPackAge/Pods-PHPackAge.debug.xcconfig"; sourceTree = "<group>"; };
		96D417F52CC9ABAF58199255 /* Pods-PHPackAge.release.xcconfig */ = {isa = PBXFileReference; includeInIndex = 1; lastKnownFileType = text.xcconfig; name = "Pods-PHPackAge.release.xcconfig"; path = "Pods/Target Support Files/Pods-PHPackAge/Pods-PHPackAge.release.xcconfig"; sourceTree = "<group>"; };
		EF035BC4200C7C9F0071EED4 /* DemoTableViewCell.h */ = {isa = PBXFileReference; lastKnownFileType = sourcecode.c.h; path = DemoTableViewCell.h; sourceTree = "<group>"; };
		EF035BC5200C7C9F0071EED4 /* DemoTableViewCell.m */ = {isa = PBXFileReference; lastKnownFileType = sourcecode.c.objc; path = DemoTableViewCell.m; sourceTree = "<group>"; };
		EF035BD3200CD1730071EED4 /* PHCellHeight.m */ = {isa = PBXFileReference; fileEncoding = 4; lastKnownFileType = sourcecode.c.objc; path = PHCellHeight.m; sourceTree = "<group>"; };
		EF035BD4200CD1730071EED4 /* PHCellHeight.h */ = {isa = PBXFileReference; fileEncoding = 4; lastKnownFileType = sourcecode.c.h; path = PHCellHeight.h; sourceTree = "<group>"; };
		EF035BD6200CD3860071EED4 /* UITextField+MaxLimit.h */ = {isa = PBXFileReference; fileEncoding = 4; lastKnownFileType = sourcecode.c.h; path = "UITextField+MaxLimit.h"; sourceTree = "<group>"; };
		EF035BD7200CD3860071EED4 /* UITextField+MaxLimit.m */ = {isa = PBXFileReference; fileEncoding = 4; lastKnownFileType = sourcecode.c.objc; path = "UITextField+MaxLimit.m"; sourceTree = "<group>"; };
		EF055E9F1FFE204E0095936D /* PHRishShowWebView.h */ = {isa = PBXFileReference; lastKnownFileType = sourcecode.c.h; path = PHRishShowWebView.h; sourceTree = "<group>"; };
		EF055EA01FFE204E0095936D /* PHRishShowWebView.m */ = {isa = PBXFileReference; lastKnownFileType = sourcecode.c.objc; path = PHRishShowWebView.m; sourceTree = "<group>"; };
		EF0893EB1FE6717400BFB882 /* PHImagePickerController.h */ = {isa = PBXFileReference; lastKnownFileType = sourcecode.c.h; path = PHImagePickerController.h; sourceTree = "<group>"; };
		EF0893EC1FE6717400BFB882 /* PHImagePickerController.m */ = {isa = PBXFileReference; lastKnownFileType = sourcecode.c.objc; path = PHImagePickerController.m; sourceTree = "<group>"; };
		EF0893EE1FE67D4D00BFB882 /* PHRishEditModel.h */ = {isa = PBXFileReference; lastKnownFileType = sourcecode.c.h; path = PHRishEditModel.h; sourceTree = "<group>"; };
		EF0893EF1FE67D4D00BFB882 /* PHRishEditModel.m */ = {isa = PBXFileReference; lastKnownFileType = sourcecode.c.objc; path = PHRishEditModel.m; sourceTree = "<group>"; };
		EF34273D1FE64CA900F80440 /* PHRishEditViewController.h */ = {isa = PBXFileReference; lastKnownFileType = sourcecode.c.h; path = PHRishEditViewController.h; sourceTree = "<group>"; };
		EF34273E1FE64CA900F80440 /* PHRishEditViewController.m */ = {isa = PBXFileReference; lastKnownFileType = sourcecode.c.objc; path = PHRishEditViewController.m; sourceTree = "<group>"; };
		EF3427401FE64CD600F80440 /* PHRishEditView.h */ = {isa = PBXFileReference; lastKnownFileType = sourcecode.c.h; path = PHRishEditView.h; sourceTree = "<group>"; };
		EF3427411FE64CD600F80440 /* PHRishEditView.m */ = {isa = PBXFileReference; lastKnownFileType = sourcecode.c.objc; path = PHRishEditView.m; sourceTree = "<group>"; };
		EF3427431FE64CEC00F80440 /* PHRishEditCellView.h */ = {isa = PBXFileReference; lastKnownFileType = sourcecode.c.h; path = PHRishEditCellView.h; sourceTree = "<group>"; };
		EF3427441FE64CEC00F80440 /* PHRishEditCellView.m */ = {isa = PBXFileReference; lastKnownFileType = sourcecode.c.objc; path = PHRishEditCellView.m; sourceTree = "<group>"; };
		EF3427461FE6518D00F80440 /* PHRishEditTextCellView.h */ = {isa = PBXFileReference; lastKnownFileType = sourcecode.c.h; path = PHRishEditTextCellView.h; sourceTree = "<group>"; };
		EF3427471FE6518D00F80440 /* PHRishEditTextCellView.m */ = {isa = PBXFileReference; lastKnownFileType = sourcecode.c.objc; path = PHRishEditTextCellView.m; sourceTree = "<group>"; };
		EF3427491FE651A600F80440 /* PHRishEditImgCellView.h */ = {isa = PBXFileReference; lastKnownFileType = sourcecode.c.h; path = PHRishEditImgCellView.h; sourceTree = "<group>"; };
		EF34274A1FE651A600F80440 /* PHRishEditImgCellView.m */ = {isa = PBXFileReference; lastKnownFileType = sourcecode.c.objc; path = PHRishEditImgCellView.m; sourceTree = "<group>"; };
		EF5D14B01FE3D368003592B2 /* PHBaseViewController.h */ = {isa = PBXFileReference; lastKnownFileType = sourcecode.c.h; path = PHBaseViewController.h; sourceTree = "<group>"; };
		EF5D14B11FE3D368003592B2 /* PHBaseViewController.m */ = {isa = PBXFileReference; lastKnownFileType = sourcecode.c.objc; path = PHBaseViewController.m; sourceTree = "<group>"; };
		EF6EBFE21FFCAF8D00814891 /* DemoViewController.h */ = {isa = PBXFileReference; lastKnownFileType = sourcecode.c.h; path = DemoViewController.h; sourceTree = "<group>"; };
		EF6EBFE31FFCAF8D00814891 /* DemoViewController.m */ = {isa = PBXFileReference; lastKnownFileType = sourcecode.c.objc; path = DemoViewController.m; sourceTree = "<group>"; };
		EF783ECF2008763600454EB6 /* NSObject+Extension.swift */ = {isa = PBXFileReference; fileEncoding = 4; lastKnownFileType = sourcecode.swift; path = "NSObject+Extension.swift"; sourceTree = "<group>"; };
		EF783ED02008763600454EB6 /* UIView+Extension.swift */ = {isa = PBXFileReference; fileEncoding = 4; lastKnownFileType = sourcecode.swift; path = "UIView+Extension.swift"; sourceTree = "<group>"; };
		EF783ED12008763600454EB6 /* String+Extension.swift */ = {isa = PBXFileReference; fileEncoding = 4; lastKnownFileType = sourcecode.swift; path = "String+Extension.swift"; sourceTree = "<group>"; };
		EF783ED22008763600454EB6 /* UIScrollView+Extension.swift */ = {isa = PBXFileReference; fileEncoding = 4; lastKnownFileType = sourcecode.swift; path = "UIScrollView+Extension.swift"; sourceTree = "<group>"; };
		EF783ED32008763600454EB6 /* UIPageViewController+Extension.swift */ = {isa = PBXFileReference; fileEncoding = 4; lastKnownFileType = sourcecode.swift; path = "UIPageViewController+Extension.swift"; sourceTree = "<group>"; };
		EF783ED42008763600454EB6 /* UITableView+Extension.swift */ = {isa = PBXFileReference; fileEncoding = 4; lastKnownFileType = sourcecode.swift; path = "UITableView+Extension.swift"; sourceTree = "<group>"; };
		EF783ED62008763600454EB6 /* DZMSegmentedControl.swift */ = {isa = PBXFileReference; fileEncoding = 4; lastKnownFileType = sourcecode.swift; path = DZMSegmentedControl.swift; sourceTree = "<group>"; };
		EF783ED72008763600454EB6 /* DZMHaloButton.swift */ = {isa = PBXFileReference; fileEncoding = 4; lastKnownFileType = sourcecode.swift; path = DZMHaloButton.swift; sourceTree = "<group>"; };
		EF783ED82008763600454EB6 /* DZMUserDefaults.swift */ = {isa = PBXFileReference; fileEncoding = 4; lastKnownFileType = sourcecode.swift; path = DZMUserDefaults.swift; sourceTree = "<group>"; };
		EF783EDA2008763600454EB6 /* DZMGlobalMethod.swift */ = {isa = PBXFileReference; fileEncoding = 4; lastKnownFileType = sourcecode.swift; path = DZMGlobalMethod.swift; sourceTree = "<group>"; };
		EF783EDB2008763600454EB6 /* DZMGlobalProperty.swift */ = {isa = PBXFileReference; fileEncoding = 4; lastKnownFileType = sourcecode.swift; path = DZMGlobalProperty.swift; sourceTree = "<group>"; };
		EF783EDE2008763600454EB6 /* DZMCoverController.h */ = {isa = PBXFileReference; fileEncoding = 4; lastKnownFileType = sourcecode.c.h; path = DZMCoverController.h; sourceTree = "<group>"; };
		EF783EDF2008763600454EB6 /* DZMCoverController.m */ = {isa = PBXFileReference; fileEncoding = 4; lastKnownFileType = sourcecode.c.objc; path = DZMCoverController.m; sourceTree = "<group>"; };
		EF783EE12008763600454EB6 /* UINavigationController+FDFullscreenPopGesture.h */ = {isa = PBXFileReference; fileEncoding = 4; lastKnownFileType = sourcecode.c.h; path = "UINavigationController+FDFullscreenPopGesture.h"; sourceTree = "<group>"; };
		EF783EE22008763600454EB6 /* UINavigationController+FDFullscreenPopGesture.m */ = {isa = PBXFileReference; fileEncoding = 4; lastKnownFileType = sourcecode.c.objc; path = "UINavigationController+FDFullscreenPopGesture.m"; sourceTree = "<group>"; };
		EF783EE42008763600454EB6 /* ASValuePopUpView.h */ = {isa = PBXFileReference; fileEncoding = 4; lastKnownFileType = sourcecode.c.h; path = ASValuePopUpView.h; sourceTree = "<group>"; };
		EF783EE52008763600454EB6 /* ASValueTrackingSlider.h */ = {isa = PBXFileReference; fileEncoding = 4; lastKnownFileType = sourcecode.c.h; path = ASValueTrackingSlider.h; sourceTree = "<group>"; };
		EF783EE62008763600454EB6 /* ASValuePopUpView.m */ = {isa = PBXFileReference; fileEncoding = 4; lastKnownFileType = sourcecode.c.objc; path = ASValuePopUpView.m; sourceTree = "<group>"; };
		EF783EE72008763600454EB6 /* ASValueTrackingSlider.m */ = {isa = PBXFileReference; fileEncoding = 4; lastKnownFileType = sourcecode.c.objc; path = ASValueTrackingSlider.m; sourceTree = "<group>"; };
		EF783EE92008763600454EB6 /* UIView+YGPulseView.m */ = {isa = PBXFileReference; fileEncoding = 4; lastKnownFileType = sourcecode.c.objc; path = "UIView+YGPulseView.m"; sourceTree = "<group>"; };
		EF783EEA2008763600454EB6 /* UIView+YGPulseView.h */ = {isa = PBXFileReference; fileEncoding = 4; lastKnownFileType = sourcecode.c.h; path = "UIView+YGPulseView.h"; sourceTree = "<group>"; };
		EF783EEC2008763600454EB6 /* DZMMagnifierView.h */ = {isa = PBXFileReference; fileEncoding = 4; lastKnownFileType = sourcecode.c.h; path = DZMMagnifierView.h; sourceTree = "<group>"; };
		EF783EED2008763600454EB6 /* DZMMagnifierView.m */ = {isa = PBXFileReference; fileEncoding = 4; lastKnownFileType = sourcecode.c.objc; path = DZMMagnifierView.m; sourceTree = "<group>"; };
		EF783EEE2008763600454EB6 /* DZMBatteryView.swift */ = {isa = PBXFileReference; fileEncoding = 4; lastKnownFileType = sourcecode.swift; path = DZMBatteryView.swift; sourceTree = "<group>"; };
		EF783EF02008763600454EB6 /* DZMViewController.swift */ = {isa = PBXFileReference; fileEncoding = 4; lastKnownFileType = sourcecode.swift; path = DZMViewController.swift; sourceTree = "<group>"; };
		EF783EF22008763600454EB6 /* DZMReadOperation.swift */ = {isa = PBXFileReference; fileEncoding = 4; lastKnownFileType = sourcecode.swift; path = DZMReadOperation.swift; sourceTree = "<group>"; };
		EF783EF32008763600454EB6 /* DZMReadParser.swift */ = {isa = PBXFileReference; fileEncoding = 4; lastKnownFileType = sourcecode.swift; path = DZMReadParser.swift; sourceTree = "<group>"; };
		EF783EF42008763600454EB6 /* DZMReadViewController.swift */ = {isa = PBXFileReference; fileEncoding = 4; lastKnownFileType = sourcecode.swift; path = DZMReadViewController.swift; sourceTree = "<group>"; };
		EF783EF52008763600454EB6 /* DZMReadConfigure.swift */ = {isa = PBXFileReference; fileEncoding = 4; lastKnownFileType = sourcecode.swift; path = DZMReadConfigure.swift; sourceTree = "<group>"; };
		EF783EF62008763600454EB6 /* DZMReadAuxiliary.swift */ = {isa = PBXFileReference; fileEncoding = 4; lastKnownFileType = sourcecode.swift; path = DZMReadAuxiliary.swift; sourceTree = "<group>"; };
		EF783EF72008763600454EB6 /* DZMReadController.swift */ = {isa = PBXFileReference; fileEncoding = 4; lastKnownFileType = sourcecode.swift; path = DZMReadController.swift; sourceTree = "<group>"; };
		EF783EF82008763600454EB6 /* DZMReadBGController.swift */ = {isa = PBXFileReference; fileEncoding = 4; lastKnownFileType = sourcecode.swift; path = DZMReadBGController.swift; sourceTree = "<group>"; };
		EF783EFB2008763600454EB6 /* DZMRMColorView.swift */ = {isa = PBXFileReference; fileEncoding = 4; lastKnownFileType = sourcecode.swift; path = DZMRMColorView.swift; sourceTree = "<group>"; };
		EF783EFC2008763600454EB6 /* DZMRMSettingView.swift */ = {isa = PBXFileReference; fileEncoding = 4; lastKnownFileType = sourcecode.swift; path = DZMRMSettingView.swift; sourceTree = "<group>"; };
		EF783EFD2008763600454EB6 /* DZMRMFuncView.swift */ = {isa = PBXFileReference; fileEncoding = 4; lastKnownFileType = sourcecode.swift; path = DZMRMFuncView.swift; sourceTree = "<group>"; };
		EF783EFE2008763600454EB6 /* DZMRMBottomView.swift */ = {isa = PBXFileReference; fileEncoding = 4; lastKnownFileType = sourcecode.swift; path = DZMRMBottomView.swift; sourceTree = "<group>"; };
		EF783EFF2008763600454EB6 /* DZMRMStatusView.swift */ = {isa = PBXFileReference; fileEncoding = 4; lastKnownFileType = sourcecode.swift; path = DZMRMStatusView.swift; sourceTree = "<group>"; };
		EF783F002008763600454EB6 /* DZMRMLeftView.swift */ = {isa = PBXFileReference; fileEncoding = 4; lastKnownFileType = sourcecode.swift; path = DZMRMLeftView.swift; sourceTree = "<group>"; };
		EF783F012008763600454EB6 /* DZMReadMenu.swift */ = {isa = PBXFileReference; fileEncoding = 4; lastKnownFileType = sourcecode.swift; path = DZMReadMenu.swift; sourceTree = "<group>"; };
		EF783F022008763600454EB6 /* DZMRMTopView.swift */ = {isa = PBXFileReference; fileEncoding = 4; lastKnownFileType = sourcecode.swift; path = DZMRMTopView.swift; sourceTree = "<group>"; };
		EF783F032008763600454EB6 /* DZMRMBaseView.swift */ = {isa = PBXFileReference; fileEncoding = 4; lastKnownFileType = sourcecode.swift; path = DZMRMBaseView.swift; sourceTree = "<group>"; };
		EF783F042008763600454EB6 /* DZMRMLightView.swift */ = {isa = PBXFileReference; fileEncoding = 4; lastKnownFileType = sourcecode.swift; path = DZMRMLightView.swift; sourceTree = "<group>"; };
		EF783F062008763600454EB6 /* DZMReadRecordModel.swift */ = {isa = PBXFileReference; fileEncoding = 4; lastKnownFileType = sourcecode.swift; path = DZMReadRecordModel.swift; sourceTree = "<group>"; };
		EF783F072008763600454EB6 /* DZMReadModel.swift */ = {isa = PBXFileReference; fileEncoding = 4; lastKnownFileType = sourcecode.swift; path = DZMReadModel.swift; sourceTree = "<group>"; };
		EF783F082008763600454EB6 /* DZMReadChapterListModel.swift */ = {isa = PBXFileReference; fileEncoding = 4; lastKnownFileType = sourcecode.swift; path = DZMReadChapterListModel.swift; sourceTree = "<group>"; };
		EF783F092008763600454EB6 /* DZMReadMarkModel.swift */ = {isa = PBXFileReference; fileEncoding = 4; lastKnownFileType = sourcecode.swift; path = DZMReadMarkModel.swift; sourceTree = "<group>"; };
		EF783F0A2008763600454EB6 /* DZMReadChapterModel.swift */ = {isa = PBXFileReference; fileEncoding = 4; lastKnownFileType = sourcecode.swift; path = DZMReadChapterModel.swift; sourceTree = "<group>"; };
		EF783F0C2008763600454EB6 /* DZMReadViewCell.swift */ = {isa = PBXFileReference; fileEncoding = 4; lastKnownFileType = sourcecode.swift; path = DZMReadViewCell.swift; sourceTree = "<group>"; };
		EF783F0D2008763600454EB6 /* DZMCursorView.swift */ = {isa = PBXFileReference; fileEncoding = 4; lastKnownFileType = sourcecode.swift; path = DZMCursorView.swift; sourceTree = "<group>"; };
		EF783F0E2008763600454EB6 /* DZMReadView.swift */ = {isa = PBXFileReference; fileEncoding = 4; lastKnownFileType = sourcecode.swift; path = DZMReadView.swift; sourceTree = "<group>"; };
		EF783F3B2008798000454EB6 /* PHPackage-Bridging.h */ = {isa = PBXFileReference; fileEncoding = 4; lastKnownFileType = sourcecode.c.h; path = "PHPackage-Bridging.h"; sourceTree = "<group>"; };
		EF783F3C200883AD00454EB6 /* ReaViewController.swift */ = {isa = PBXFileReference; lastKnownFileType = sourcecode.swift; path = ReaViewController.swift; sourceTree = "<group>"; };
		EF8F4CE62019A1550064CF4A /* base64.h */ = {isa = PBXFileReference; fileEncoding = 4; lastKnownFileType = sourcecode.c.h; path = base64.h; sourceTree = "<group>"; };
		EF8F4CE72019A1560064CF4A /* base64.m */ = {isa = PBXFileReference; fileEncoding = 4; lastKnownFileType = sourcecode.c.objc; path = base64.m; sourceTree = "<group>"; };
		EF90C3C520BE8A5000EA5CF1 /* TY_GoodsTableViewCell.h */ = {isa = PBXFileReference; lastKnownFileType = sourcecode.c.h; path = TY_GoodsTableViewCell.h; sourceTree = "<group>"; };
		EF90C3C620BE8A5000EA5CF1 /* TY_GoodsTableViewCell.m */ = {isa = PBXFileReference; lastKnownFileType = sourcecode.c.objc; path = TY_GoodsTableViewCell.m; sourceTree = "<group>"; };
		EF90C3C820BE8CBA00EA5CF1 /* TY_SearchCommissionerViewController.h */ = {isa = PBXFileReference; lastKnownFileType = sourcecode.c.h; path = TY_SearchCommissionerViewController.h; sourceTree = "<group>"; };
		EF90C3C920BE8CBA00EA5CF1 /* TY_SearchCommissionerViewController.m */ = {isa = PBXFileReference; lastKnownFileType = sourcecode.c.objc; path = TY_SearchCommissionerViewController.m; sourceTree = "<group>"; };
		EF90C3CC20BE8EA100EA5CF1 /* TY_ShopMallTitleModel.h */ = {isa = PBXFileReference; lastKnownFileType = sourcecode.c.h; path = TY_ShopMallTitleModel.h; sourceTree = "<group>"; };
		EF90C3CD20BE8EA100EA5CF1 /* TY_ShopMallTitleModel.m */ = {isa = PBXFileReference; lastKnownFileType = sourcecode.c.objc; path = TY_ShopMallTitleModel.m; sourceTree = "<group>"; };
		EF90C3D220BE939900EA5CF1 /* TY_ShopMallContentCellModel.h */ = {isa = PBXFileReference; lastKnownFileType = sourcecode.c.h; path = TY_ShopMallContentCellModel.h; sourceTree = "<group>"; };
		EF90C3D320BE939900EA5CF1 /* TY_ShopMallContentCellModel.m */ = {isa = PBXFileReference; lastKnownFileType = sourcecode.c.objc; path = TY_ShopMallContentCellModel.m; sourceTree = "<group>"; };
		EFB6C5262021AF2800039D62 /* PrefixHeader.pch */ = {isa = PBXFileReference; lastKnownFileType = sourcecode.c.h; path = PrefixHeader.pch; sourceTree = "<group>"; };
		EFB6C5272021AFBB00039D62 /* SegViewController.h */ = {isa = PBXFileReference; lastKnownFileType = sourcecode.c.h; path = SegViewController.h; sourceTree = "<group>"; };
		EFB6C5282021AFBB00039D62 /* SegViewController.m */ = {isa = PBXFileReference; lastKnownFileType = sourcecode.c.objc; path = SegViewController.m; sourceTree = "<group>"; };
		EFB6C52B2021B39B00039D62 /* TabBarController.h */ = {isa = PBXFileReference; lastKnownFileType = sourcecode.c.h; path = TabBarController.h; sourceTree = "<group>"; };
		EFB6C52C2021B39B00039D62 /* TabBarController.m */ = {isa = PBXFileReference; lastKnownFileType = sourcecode.c.objc; path = TabBarController.m; sourceTree = "<group>"; };
		EFB6C52E2021B3E900039D62 /* NavigationController.h */ = {isa = PBXFileReference; lastKnownFileType = sourcecode.c.h; path = NavigationController.h; sourceTree = "<group>"; };
		EFB6C52F2021B3E900039D62 /* NavigationController.m */ = {isa = PBXFileReference; lastKnownFileType = sourcecode.c.objc; path = NavigationController.m; sourceTree = "<group>"; };
		EFD0D45D20BD55AE002BBEFB /* TY_ShopMallViewController.m */ = {isa = PBXFileReference; fileEncoding = 4; lastKnownFileType = sourcecode.c.objc; path = TY_ShopMallViewController.m; sourceTree = "<group>"; };
		EFD0D45E20BD55AE002BBEFB /* TY_ShopMallViewController.h */ = {isa = PBXFileReference; fileEncoding = 4; lastKnownFileType = sourcecode.c.h; path = TY_ShopMallViewController.h; sourceTree = "<group>"; };
		EFD0D46220BD55EA002BBEFB /* H5ViewController.swift */ = {isa = PBXFileReference; lastKnownFileType = sourcecode.swift; name = H5ViewController.swift; path = ../../../../../../../Documents/H5ViewController.swift; sourceTree = "<group>"; };
		EFD0D46520BD56B2002BBEFB /* PHCarouselView.h */ = {isa = PBXFileReference; fileEncoding = 4; lastKnownFileType = sourcecode.c.h; path = PHCarouselView.h; sourceTree = "<group>"; };
		EFD0D46620BD56B2002BBEFB /* PHCarouselView.m */ = {isa = PBXFileReference; fileEncoding = 4; lastKnownFileType = sourcecode.c.objc; path = PHCarouselView.m; sourceTree = "<group>"; };
		EFD0D46820BD5707002BBEFB /* PHSegmentViewController.m */ = {isa = PBXFileReference; fileEncoding = 4; lastKnownFileType = sourcecode.c.objc; path = PHSegmentViewController.m; sourceTree = "<group>"; };
		EFD0D46920BD5707002BBEFB /* PHSegmentViewController.h */ = {isa = PBXFileReference; fileEncoding = 4; lastKnownFileType = sourcecode.c.h; path = PHSegmentViewController.h; sourceTree = "<group>"; };
		EFD0D46B20BD573B002BBEFB /* PHTabbarView.m */ = {isa = PBXFileReference; fileEncoding = 4; lastKnownFileType = sourcecode.c.objc; path = PHTabbarView.m; sourceTree = "<group>"; };
		EFD0D46C20BD573B002BBEFB /* PHTabbarView.h */ = {isa = PBXFileReference; fileEncoding = 4; lastKnownFileType = sourcecode.c.h; path = PHTabbarView.h; sourceTree = "<group>"; };
		EFD0D46E20BD5794002BBEFB /* FirstTableViewController.m */ = {isa = PBXFileReference; fileEncoding = 4; lastKnownFileType = sourcecode.c.objc; path = FirstTableViewController.m; sourceTree = "<group>"; };
		EFD0D46F20BD5795002BBEFB /* FirstTableViewController.h */ = {isa = PBXFileReference; fileEncoding = 4; lastKnownFileType = sourcecode.c.h; path = FirstTableViewController.h; sourceTree = "<group>"; };
		EFD0D47120BD5809002BBEFB /* UIButton+Helper.m */ = {isa = PBXFileReference; fileEncoding = 4; lastKnownFileType = sourcecode.c.objc; path = "UIButton+Helper.m"; sourceTree = "<group>"; };
		EFD0D47220BD5809002BBEFB /* UIButton+Helper.h */ = {isa = PBXFileReference; fileEncoding = 4; lastKnownFileType = sourcecode.c.h; path = "UIButton+Helper.h"; sourceTree = "<group>"; };
		EFD0D47520BD58D3002BBEFB /* MainTableViewCell.h */ = {isa = PBXFileReference; fileEncoding = 4; lastKnownFileType = sourcecode.c.h; path = MainTableViewCell.h; sourceTree = "<group>"; };
		EFD0D47620BD58D3002BBEFB /* MainTableViewCell.m */ = {isa = PBXFileReference; fileEncoding = 4; lastKnownFileType = sourcecode.c.objc; path = MainTableViewCell.m; sourceTree = "<group>"; };
		EFD0D47C20BD5D60002BBEFB /* index.html */ = {isa = PBXFileReference; lastKnownFileType = text.html; path = index.html; sourceTree = "<group>"; };
		EFD0D47E20BD5D82002BBEFB /* main.js */ = {isa = PBXFileReference; lastKnownFileType = sourcecode.javascript; path = main.js; sourceTree = "<group>"; };
		EFD0D48020BD5D9B002BBEFB /* main.css */ = {isa = PBXFileReference; lastKnownFileType = text.css; path = main.css; sourceTree = "<group>"; };
		EFD0D48520BD5F61002BBEFB /* DouYinPlayViewController.h */ = {isa = PBXFileReference; lastKnownFileType = sourcecode.c.h; path = DouYinPlayViewController.h; sourceTree = "<group>"; };
		EFD0D48620BD5F61002BBEFB /* DouYinPlayViewController.m */ = {isa = PBXFileReference; lastKnownFileType = sourcecode.c.objc; path = DouYinPlayViewController.m; sourceTree = "<group>"; };
		EFF8D7B520D8957E00A20CEE /* IMMessageModel.h */ = {isa = PBXFileReference; lastKnownFileType = sourcecode.c.h; path = IMMessageModel.h; sourceTree = "<group>"; };
		EFF8D7B620D8957E00A20CEE /* IMMessageModel.m */ = {isa = PBXFileReference; lastKnownFileType = sourcecode.c.objc; path = IMMessageModel.m; sourceTree = "<group>"; };
		EFF8D7B820D897FA00A20CEE /* PHSocketTool.h */ = {isa = PBXFileReference; lastKnownFileType = sourcecode.c.h; path = PHSocketTool.h; sourceTree = "<group>"; };
		EFF8D7B920D897FA00A20CEE /* PHSocketTool.m */ = {isa = PBXFileReference; lastKnownFileType = sourcecode.c.objc; path = PHSocketTool.m; sourceTree = "<group>"; };
		EFFB0A5E20CF9B0500A48A4E /* IMViewController.h */ = {isa = PBXFileReference; lastKnownFileType = sourcecode.c.h; path = IMViewController.h; sourceTree = "<group>"; };
		EFFB0A5F20CF9B0500A48A4E /* IMViewController.m */ = {isa = PBXFileReference; lastKnownFileType = sourcecode.c.objc; path = IMViewController.m; sourceTree = "<group>"; };
/* End PBXFileReference section */

/* Begin PBXFrameworksBuildPhase section */
		2A6FC3A81D2DF1430006CBE2 /* Frameworks */ = {
			isa = PBXFrameworksBuildPhase;
			buildActionMask = 2147483647;
			files = (
				820EE39F0676A9C4EF7102DC /* libPods-PHPackAge.a in Frameworks */,
			);
			runOnlyForDeploymentPostprocessing = 0;
		};
/* End PBXFrameworksBuildPhase section */

/* Begin PBXGroup section */
		0AB666741F24360B00329AE1 /* PHPush */ = {
			isa = PBXGroup;
			children = (
				0AB666751F24360B00329AE1 /* PHPush.h */,
				0AB666761F24360B00329AE1 /* PHPush.m */,
			);
			path = PHPush;
			sourceTree = "<group>";
		};
		0AB666771F24360B00329AE1 /* RunTimeHelper */ = {
			isa = PBXGroup;
			children = (
				0AB666781F24360B00329AE1 /* RunTimeHelper.h */,
				0AB666791F24360B00329AE1 /* RunTimeHelper.m */,
			);
			path = RunTimeHelper;
			sourceTree = "<group>";
		};
		0AB6667A1F24360B00329AE1 /* ScreenPassWord */ = {
			isa = PBXGroup;
			children = (
				0AB6667B1F24360B00329AE1 /* LatexView.h */,
				0AB6667C1F24360B00329AE1 /* LatexView.m */,
			);
			path = ScreenPassWord;
			sourceTree = "<group>";
		};
		0AB6667D1F24360B00329AE1 /* Advertisement */ = {
			isa = PBXGroup;
			children = (
				0AB6667E1F24360B00329AE1 /* LaunchAdView.h */,
				0AB6667F1F24360B00329AE1 /* LaunchAdView.m */,
			);
			path = Advertisement;
			sourceTree = "<group>";
		};
		0AB666801F24360B00329AE1 /* Category */ = {
			isa = PBXGroup;
			children = (
				EFD0D47220BD5809002BBEFB /* UIButton+Helper.h */,
				EFD0D47120BD5809002BBEFB /* UIButton+Helper.m */,
				EF035BD6200CD3860071EED4 /* UITextField+MaxLimit.h */,
				EF035BD7200CD3860071EED4 /* UITextField+MaxLimit.m */,
				EF035BD4200CD1730071EED4 /* PHCellHeight.h */,
				EF035BD3200CD1730071EED4 /* PHCellHeight.m */,
				0AB666811F24360B00329AE1 /* NSString+Helper.h */,
				0AB666821F24360B00329AE1 /* NSString+Helper.m */,
				0AB666851F24360B00329AE1 /* UIImage+Helper.h */,
				0AB666861F24360B00329AE1 /* UIImage+Helper.m */,
				0AB666871F24360B00329AE1 /* UILabel+Helper.h */,
				0AB666881F24360B00329AE1 /* UILabel+Helper.m */,
				0AB666891F24360B00329AE1 /* UIView+Helper.h */,
				0AB6668A1F24360B00329AE1 /* UIView+Helper.m */,
				0AB6668B1F24360B00329AE1 /* UIViewAdditions.h */,
				0AB6668C1F24360B00329AE1 /* UIViewAdditions.m */,
			);
			path = Category;
			sourceTree = "<group>";
		};
		0AB6668D1F24360B00329AE1 /* HSDownloadManager */ = {
			isa = PBXGroup;
			children = (
				0AB6668E1F24360B00329AE1 /* HSDownloadManager.h */,
				0AB6668F1F24360B00329AE1 /* HSDownloadManager.m */,
				0AB666901F24360B00329AE1 /* HSSessionModel.h */,
				0AB666911F24360B00329AE1 /* HSSessionModel.m */,
				0AB666921F24360B00329AE1 /* MD5 */,
			);
			path = HSDownloadManager;
			sourceTree = "<group>";
		};
		0AB666921F24360B00329AE1 /* MD5 */ = {
			isa = PBXGroup;
			children = (
				0AB666931F24360B00329AE1 /* NSString+Hash.h */,
				0AB666941F24360B00329AE1 /* NSString+Hash.m */,
			);
			path = MD5;
			sourceTree = "<group>";
		};
		0AB666951F24360B00329AE1 /* ImageCut */ = {
			isa = PBXGroup;
			children = (
				0AB666961F24360B00329AE1 /* ImageCutTool.h */,
				0AB666971F24360B00329AE1 /* ImageCutTool.m */,
			);
			path = ImageCut;
			sourceTree = "<group>";
		};
		0AB666981F24360B00329AE1 /* PHButton */ = {
			isa = PBXGroup;
			children = (
				0AB666991F24360B00329AE1 /* PHButton.h */,
				0AB6669A1F24360B00329AE1 /* PHButton.m */,
			);
			path = PHButton;
			sourceTree = "<group>";
		};
		0AB6669B1F24360B00329AE1 /* PHCommentStarView */ = {
			isa = PBXGroup;
			children = (
				0AB6669C1F24360B00329AE1 /* PHCommentStarView.h */,
				0AB6669D1F24360B00329AE1 /* PHCommentStarView.m */,
			);
			path = PHCommentStarView;
			sourceTree = "<group>";
		};
		0AB6669E1F24360B00329AE1 /* PHCustomTabbar */ = {
			isa = PBXGroup;
			children = (
				0AB6669F1F24360B00329AE1 /* PHCustomTabbarController.h */,
				0AB666A01F24360B00329AE1 /* PHCustomTabbarController.m */,
			);
			path = PHCustomTabbar;
			sourceTree = "<group>";
		};
		0AB666A31F24360B00329AE1 /* PHPopBox */ = {
			isa = PBXGroup;
			children = (
				0AB666A41F24360B00329AE1 /* PHPopBox.h */,
				0AB666A51F24360B00329AE1 /* PHPopBox.m */,
			);
			path = PHPopBox;
			sourceTree = "<group>";
		};
		0AB666A61F24360B00329AE1 /* PHSocketManager */ = {
			isa = PBXGroup;
			children = (
				0AB666A71F24360B00329AE1 /* PHSocketManager.h */,
				0AB666A81F24360B00329AE1 /* PHSocketManager.m */,
			);
			path = PHSocketManager;
			sourceTree = "<group>";
		};
		0AB666A91F24360B00329AE1 /* PHTabbar */ = {
			isa = PBXGroup;
			children = (
				EFD0D46C20BD573B002BBEFB /* PHTabbarView.h */,
				EFD0D46B20BD573B002BBEFB /* PHTabbarView.m */,
			);
			path = PHTabbar;
			sourceTree = "<group>";
		};
		0AB666AC1F24360B00329AE1 /* PHYanBtn */ = {
			isa = PBXGroup;
			children = (
				0AB666AD1F24360B00329AE1 /* YanButton.h */,
				0AB666AE1F24360B00329AE1 /* YanButton.m */,
			);
			path = PHYanBtn;
			sourceTree = "<group>";
		};
		2A0CDBD01D6EC9AD0012D04A /* Tool */ = {
			isa = PBXGroup;
			children = (
				EFD0D46420BD5681002BBEFB /* 轮播图 */,
				0AB666A91F24360B00329AE1 /* PHTabbar */,
				EFB6C5202021AE9100039D62 /* PHSegment */,
				EF0893EA1FE6713300BFB882 /* PHImagePickerController */,
				0AB666741F24360B00329AE1 /* PHPush */,
				0AB666771F24360B00329AE1 /* RunTimeHelper */,
				0AB6667A1F24360B00329AE1 /* ScreenPassWord */,
				0AB6667D1F24360B00329AE1 /* Advertisement */,
				0AB666801F24360B00329AE1 /* Category */,
				0AB6668D1F24360B00329AE1 /* HSDownloadManager */,
				0AB666951F24360B00329AE1 /* ImageCut */,
				0AB666981F24360B00329AE1 /* PHButton */,
				0AB6669B1F24360B00329AE1 /* PHCommentStarView */,
				0AB6669E1F24360B00329AE1 /* PHCustomTabbar */,
				0AB666A11F24360B00329AE1 /* PHDownLoader.h */,
				0AB666A21F24360B00329AE1 /* PHDownLoader.m */,
				0AB666A31F24360B00329AE1 /* PHPopBox */,
				0AB666A61F24360B00329AE1 /* PHSocketManager */,
				0AB666AC1F24360B00329AE1 /* PHYanBtn */,
				2A0CDBD11D6EC9AD0012D04A /* PHCalendar */,
			);
			path = Tool;
			sourceTree = "<group>";
		};
		2A0CDBD11D6EC9AD0012D04A /* PHCalendar */ = {
			isa = PBXGroup;
			children = (
				2A0CDBD21D6EC9AD0012D04A /* PHCalendar.h */,
				2A0CDBD31D6EC9AD0012D04A /* PHCalendar.m */,
				2A0CDBD41D6EC9AD0012D04A /* PHCalendarContentVC.h */,
				2A0CDBD51D6EC9AD0012D04A /* PHCalendarContentVC.m */,
				2A0CDBD61D6EC9AD0012D04A /* PHCalendarItem.h */,
				2A0CDBD71D6EC9AD0012D04A /* PHCalendarItem.m */,
			);
			path = PHCalendar;
			sourceTree = "<group>";
		};
		2A45CA511D62A91500F7D9DA /* HTML */ = {
			isa = PBXGroup;
			children = (
				2A5DEA8D1D65482E00155CAC /* index.w.html */,
				2A45CA521D62A91500F7D9DA /* example.html */,
			);
			path = HTML;
			sourceTree = "<group>";
		};
		2A54E4491D5D75D4008CA6D2 /* 打印机 */ = {
			isa = PBXGroup;
			children = (
				2A54E44A1D5D7828008CA6D2 /* PHPrinter.h */,
				2A54E44B1D5D7828008CA6D2 /* PHPrinter.m */,
			);
			name = "打印机";
			sourceTree = "<group>";
		};
		2A6FC3A21D2DF1430006CBE2 = {
			isa = PBXGroup;
			children = (
				2A797ECD1D6DA072008B0459 /* 111.jpg */,
				2A6FC3AD1D2DF1430006CBE2 /* PHPackAge */,
				2A6FC3AC1D2DF1430006CBE2 /* Products */,
				4A6ECDCE59DBFC14CCDA6AFE /* Pods */,
				D07696863A2490EE0AD14BEE /* Frameworks */,
			);
			sourceTree = "<group>";
		};
		2A6FC3AC1D2DF1430006CBE2 /* Products */ = {
			isa = PBXGroup;
			children = (
				2A6FC3AB1D2DF1430006CBE2 /* PHPackAge.app */,
			);
			name = Products;
			sourceTree = "<group>";
		};
		2A6FC3AD1D2DF1430006CBE2 /* PHPackAge */ = {
			isa = PBXGroup;
			children = (
				EFB6C5312021B41400039D62 /* iPhone */,
				EFB6C52A2021B26C00039D62 /* Main */,
				2A6FC3C51D2DF16E0006CBE2 /* Tools */,
			);
			path = PHPackAge;
			sourceTree = "<group>";
		};
		2A6FC3AE1D2DF1430006CBE2 /* Supporting Files */ = {
			isa = PBXGroup;
			children = (
				2A6FC3AF1D2DF1430006CBE2 /* main.m */,
			);
			name = "Supporting Files";
			path = ..;
			sourceTree = "<group>";
		};
		2A6FC3C51D2DF16E0006CBE2 /* Tools */ = {
			isa = PBXGroup;
			children = (
				2A45CA511D62A91500F7D9DA /* HTML */,
				EF8F4CE62019A1550064CF4A /* base64.h */,
				EF8F4CE72019A1560064CF4A /* base64.m */,
				EF783ECA2008763600454EB6 /* EReader */,
				EF5D14AF1FE3D342003592B2 /* Base */,
				2A0CDBD01D6EC9AD0012D04A /* Tool */,
				2A54E4491D5D75D4008CA6D2 /* 打印机 */,
				2A40CB651D5AB2BB00BF7A80 /* UIImage+Helper.h */,
				2A40CB661D5AB2BB00BF7A80 /* UIImage+Helper.m */,
				2A6FC3C61D2DF16E0006CBE2 /* PHCellView.h */,
				2A6FC3C71D2DF16E0006CBE2 /* PHCellView.m */,
				2A6FC3C81D2DF16E0006CBE2 /* PHDefine.h */,
				2AB68FAD1D5C3CE100C98438 /* SuperViewController.h */,
				2AB68FAE1D5C3CE100C98438 /* SuperViewController.m */,
				2A717B3B1D6AA6C100D83A4E /* CustomWebView.h */,
				2A717B3C1D6AA6C100D83A4E /* CustomWebView.m */,
				2A6FC3CB1D2DF16E0006CBE2 /* UIViewAdditions.h */,
				2A6FC3CC1D2DF16E0006CBE2 /* UIViewAdditions.m */,
			);
			path = Tools;
			sourceTree = "<group>";
		};
		4A6ECDCE59DBFC14CCDA6AFE /* Pods */ = {
			isa = PBXGroup;
			children = (
				3871CAFF40709CC18DB91D79 /* Pods-PHPackAge.debug.xcconfig */,
				96D417F52CC9ABAF58199255 /* Pods-PHPackAge.release.xcconfig */,
			);
			name = Pods;
			sourceTree = "<group>";
		};
		D07696863A2490EE0AD14BEE /* Frameworks */ = {
			isa = PBXGroup;
			children = (
				2658EE9FD4E434EBCF6D2150 /* libPods-PHPackAge.a */,
			);
			name = Frameworks;
			sourceTree = "<group>";
		};
		EF0893EA1FE6713300BFB882 /* PHImagePickerController */ = {
			isa = PBXGroup;
			children = (
				EF0893EB1FE6717400BFB882 /* PHImagePickerController.h */,
				EF0893EC1FE6717400BFB882 /* PHImagePickerController.m */,
			);
			path = PHImagePickerController;
			sourceTree = "<group>";
		};
		EF5D14AF1FE3D342003592B2 /* Base */ = {
			isa = PBXGroup;
			children = (
				EF5D14B01FE3D368003592B2 /* PHBaseViewController.h */,
				EF5D14B11FE3D368003592B2 /* PHBaseViewController.m */,
			);
			path = Base;
			sourceTree = "<group>";
		};
		EF5D14B31FE3D785003592B2 /* ViewControllers */ = {
			isa = PBXGroup;
			children = (
				EFFB0A5D20CF9AD000A48A4E /* 即时通讯 */,
				EFD0D48220BD5F1F002BBEFB /* 抖音 */,
				EFB6C5222021AED200039D62 /* segment */,
				EFB6C5212021AEC300039D62 /* 日历 */,
				EF6EBFE11FFCAF6900814891 /* 测试 */,
				EF5D14B41FE3D79E003592B2 /* 富文本编辑器 */,
				EF783F3C200883AD00454EB6 /* ReaViewController.swift */,
			);
			path = ViewControllers;
			sourceTree = "<group>";
		};
		EF5D14B41FE3D79E003592B2 /* 富文本编辑器 */ = {
			isa = PBXGroup;
			children = (
				EF34273D1FE64CA900F80440 /* PHRishEditViewController.h */,
				EF34273E1FE64CA900F80440 /* PHRishEditViewController.m */,
				EF0893EE1FE67D4D00BFB882 /* PHRishEditModel.h */,
				EF0893EF1FE67D4D00BFB882 /* PHRishEditModel.m */,
				EF3427401FE64CD600F80440 /* PHRishEditView.h */,
				EF3427411FE64CD600F80440 /* PHRishEditView.m */,
				EF3427431FE64CEC00F80440 /* PHRishEditCellView.h */,
				EF3427441FE64CEC00F80440 /* PHRishEditCellView.m */,
				EF3427461FE6518D00F80440 /* PHRishEditTextCellView.h */,
				EF3427471FE6518D00F80440 /* PHRishEditTextCellView.m */,
				EF3427491FE651A600F80440 /* PHRishEditImgCellView.h */,
				EF34274A1FE651A600F80440 /* PHRishEditImgCellView.m */,
			);
			path = "富文本编辑器";
			sourceTree = "<group>";
		};
		EF6EBFE11FFCAF6900814891 /* 测试 */ = {
			isa = PBXGroup;
			children = (
				EF6EBFE21FFCAF8D00814891 /* DemoViewController.h */,
				EF6EBFE31FFCAF8D00814891 /* DemoViewController.m */,
				EF035BC4200C7C9F0071EED4 /* DemoTableViewCell.h */,
				EF035BC5200C7C9F0071EED4 /* DemoTableViewCell.m */,
				EF055E9F1FFE204E0095936D /* PHRishShowWebView.h */,
				EF055EA01FFE204E0095936D /* PHRishShowWebView.m */,
			);
			path = "测试";
			sourceTree = "<group>";
		};
		EF783ECA2008763600454EB6 /* EReader */ = {
			isa = PBXGroup;
			children = (
				EF783ECB2008763600454EB6 /* DZMeBookRead */,
			);
			path = EReader;
			sourceTree = "<group>";
		};
		EF783ECB2008763600454EB6 /* DZMeBookRead */ = {
			isa = PBXGroup;
			children = (
				EF783ECC2008763600454EB6 /* other */,
				EF783EF12008763600454EB6 /* controller */,
				EF783EF92008763600454EB6 /* menuUI */,
				EF783F052008763600454EB6 /* model */,
				EF783F0B2008763600454EB6 /* view */,
			);
			path = DZMeBookRead;
			sourceTree = "<group>";
		};
		EF783ECC2008763600454EB6 /* other */ = {
			isa = PBXGroup;
			children = (
				EF783ECE2008763600454EB6 /* extension */,
				EF783ED52008763600454EB6 /* custom */,
				EF783ED92008763600454EB6 /* global */,
				EF783EDC2008763600454EB6 /* thirdParty */,
				EF783EEF2008763600454EB6 /* base */,
			);
			path = other;
			sourceTree = "<group>";
		};
		EF783ECE2008763600454EB6 /* extension */ = {
			isa = PBXGroup;
			children = (
				EF783ECF2008763600454EB6 /* NSObject+Extension.swift */,
				EF783ED02008763600454EB6 /* UIView+Extension.swift */,
				EF783ED12008763600454EB6 /* String+Extension.swift */,
				EF783ED22008763600454EB6 /* UIScrollView+Extension.swift */,
				EF783ED32008763600454EB6 /* UIPageViewController+Extension.swift */,
				EF783ED42008763600454EB6 /* UITableView+Extension.swift */,
			);
			path = extension;
			sourceTree = "<group>";
		};
		EF783ED52008763600454EB6 /* custom */ = {
			isa = PBXGroup;
			children = (
				EF783ED62008763600454EB6 /* DZMSegmentedControl.swift */,
				EF783ED72008763600454EB6 /* DZMHaloButton.swift */,
				EF783ED82008763600454EB6 /* DZMUserDefaults.swift */,
			);
			path = custom;
			sourceTree = "<group>";
		};
		EF783ED92008763600454EB6 /* global */ = {
			isa = PBXGroup;
			children = (
				EF783EDA2008763600454EB6 /* DZMGlobalMethod.swift */,
				EF783EDB2008763600454EB6 /* DZMGlobalProperty.swift */,
			);
			path = global;
			sourceTree = "<group>";
		};
		EF783EDC2008763600454EB6 /* thirdParty */ = {
			isa = PBXGroup;
			children = (
				EF783EDD2008763600454EB6 /* DZMCoverController */,
				EF783EE02008763600454EB6 /* FDFullscreenPopGesture */,
				EF783EE32008763600454EB6 /* ASValueTrackingSlider */,
				EF783EE82008763600454EB6 /* YGPulseView */,
				EF783EEB2008763600454EB6 /* DZMMagnifierView */,
				EF783EEE2008763600454EB6 /* DZMBatteryView.swift */,
			);
			path = thirdParty;
			sourceTree = "<group>";
		};
		EF783EDD2008763600454EB6 /* DZMCoverController */ = {
			isa = PBXGroup;
			children = (
				EF783EDE2008763600454EB6 /* DZMCoverController.h */,
				EF783EDF2008763600454EB6 /* DZMCoverController.m */,
			);
			path = DZMCoverController;
			sourceTree = "<group>";
		};
		EF783EE02008763600454EB6 /* FDFullscreenPopGesture */ = {
			isa = PBXGroup;
			children = (
				EF783EE12008763600454EB6 /* UINavigationController+FDFullscreenPopGesture.h */,
				EF783EE22008763600454EB6 /* UINavigationController+FDFullscreenPopGesture.m */,
			);
			path = FDFullscreenPopGesture;
			sourceTree = "<group>";
		};
		EF783EE32008763600454EB6 /* ASValueTrackingSlider */ = {
			isa = PBXGroup;
			children = (
				EF783EE42008763600454EB6 /* ASValuePopUpView.h */,
				EF783EE52008763600454EB6 /* ASValueTrackingSlider.h */,
				EF783EE62008763600454EB6 /* ASValuePopUpView.m */,
				EF783EE72008763600454EB6 /* ASValueTrackingSlider.m */,
			);
			path = ASValueTrackingSlider;
			sourceTree = "<group>";
		};
		EF783EE82008763600454EB6 /* YGPulseView */ = {
			isa = PBXGroup;
			children = (
				EF783EE92008763600454EB6 /* UIView+YGPulseView.m */,
				EF783EEA2008763600454EB6 /* UIView+YGPulseView.h */,
			);
			path = YGPulseView;
			sourceTree = "<group>";
		};
		EF783EEB2008763600454EB6 /* DZMMagnifierView */ = {
			isa = PBXGroup;
			children = (
				EF783EEC2008763600454EB6 /* DZMMagnifierView.h */,
				EF783EED2008763600454EB6 /* DZMMagnifierView.m */,
			);
			path = DZMMagnifierView;
			sourceTree = "<group>";
		};
		EF783EEF2008763600454EB6 /* base */ = {
			isa = PBXGroup;
			children = (
				EF783EF02008763600454EB6 /* DZMViewController.swift */,
			);
			path = base;
			sourceTree = "<group>";
		};
		EF783EF12008763600454EB6 /* controller */ = {
			isa = PBXGroup;
			children = (
				EF783EF22008763600454EB6 /* DZMReadOperation.swift */,
				EF783EF32008763600454EB6 /* DZMReadParser.swift */,
				EF783EF42008763600454EB6 /* DZMReadViewController.swift */,
				EF783EF52008763600454EB6 /* DZMReadConfigure.swift */,
				EF783EF62008763600454EB6 /* DZMReadAuxiliary.swift */,
				EF783EF72008763600454EB6 /* DZMReadController.swift */,
				EF783EF82008763600454EB6 /* DZMReadBGController.swift */,
			);
			path = controller;
			sourceTree = "<group>";
		};
		EF783EF92008763600454EB6 /* menuUI */ = {
			isa = PBXGroup;
			children = (
				EF783EFA2008763600454EB6 /* DZMRMSettingView */,
				EF783EFE2008763600454EB6 /* DZMRMBottomView.swift */,
				EF783EFF2008763600454EB6 /* DZMRMStatusView.swift */,
				EF783F002008763600454EB6 /* DZMRMLeftView.swift */,
				EF783F012008763600454EB6 /* DZMReadMenu.swift */,
				EF783F022008763600454EB6 /* DZMRMTopView.swift */,
				EF783F032008763600454EB6 /* DZMRMBaseView.swift */,
				EF783F042008763600454EB6 /* DZMRMLightView.swift */,
			);
			path = menuUI;
			sourceTree = "<group>";
		};
		EF783EFA2008763600454EB6 /* DZMRMSettingView */ = {
			isa = PBXGroup;
			children = (
				EF783EFB2008763600454EB6 /* DZMRMColorView.swift */,
				EF783EFC2008763600454EB6 /* DZMRMSettingView.swift */,
				EF783EFD2008763600454EB6 /* DZMRMFuncView.swift */,
			);
			path = DZMRMSettingView;
			sourceTree = "<group>";
		};
		EF783F052008763600454EB6 /* model */ = {
			isa = PBXGroup;
			children = (
				EF783F062008763600454EB6 /* DZMReadRecordModel.swift */,
				EF783F072008763600454EB6 /* DZMReadModel.swift */,
				EF783F082008763600454EB6 /* DZMReadChapterListModel.swift */,
				EF783F092008763600454EB6 /* DZMReadMarkModel.swift */,
				EF783F0A2008763600454EB6 /* DZMReadChapterModel.swift */,
			);
			path = model;
			sourceTree = "<group>";
		};
		EF783F0B2008763600454EB6 /* view */ = {
			isa = PBXGroup;
			children = (
				EF783F0C2008763600454EB6 /* DZMReadViewCell.swift */,
				EF783F0D2008763600454EB6 /* DZMCursorView.swift */,
				EF783F0E2008763600454EB6 /* DZMReadView.swift */,
			);
			path = view;
			sourceTree = "<group>";
		};
		EF90C3CB20BE8E6400EA5CF1 /* Models */ = {
			isa = PBXGroup;
			children = (
				EF90C3CC20BE8EA100EA5CF1 /* TY_ShopMallTitleModel.h */,
				EF90C3CD20BE8EA100EA5CF1 /* TY_ShopMallTitleModel.m */,
				EF90C3D220BE939900EA5CF1 /* TY_ShopMallContentCellModel.h */,
				EF90C3D320BE939900EA5CF1 /* TY_ShopMallContentCellModel.m */,
			);
			path = Models;
			sourceTree = "<group>";
		};
		EFB6C5202021AE9100039D62 /* PHSegment */ = {
			isa = PBXGroup;
			children = (
				EFD0D46920BD5707002BBEFB /* PHSegmentViewController.h */,
				EFD0D46820BD5707002BBEFB /* PHSegmentViewController.m */,
			);
			path = PHSegment;
			sourceTree = "<group>";
		};
		EFB6C5212021AEC300039D62 /* 日历 */ = {
			isa = PBXGroup;
			children = (
			);
			path = "日历";
			sourceTree = "<group>";
		};
		EFB6C5222021AED200039D62 /* segment */ = {
			isa = PBXGroup;
			children = (
				EFB6C5272021AFBB00039D62 /* SegViewController.h */,
				EFB6C5282021AFBB00039D62 /* SegViewController.m */,
			);
			path = segment;
			sourceTree = "<group>";
		};
		EFB6C52A2021B26C00039D62 /* Main */ = {
			isa = PBXGroup;
			children = (
				2A6FC3AE1D2DF1430006CBE2 /* Supporting Files */,
				2A6FC3B11D2DF1430006CBE2 /* AppDelegate.h */,
				2A6FC3B21D2DF1430006CBE2 /* AppDelegate.m */,
				EFB6C52B2021B39B00039D62 /* TabBarController.h */,
				EFB6C52C2021B39B00039D62 /* TabBarController.m */,
				EFB6C52E2021B3E900039D62 /* NavigationController.h */,
				EFB6C52F2021B3E900039D62 /* NavigationController.m */,
				EF783F3B2008798000454EB6 /* PHPackage-Bridging.h */,
				2A6FC3B71D2DF1430006CBE2 /* Main.storyboard */,
				2A6FC3BA1D2DF1430006CBE2 /* Assets.xcassets */,
				2A6FC3BC1D2DF1430006CBE2 /* LaunchScreen.storyboard */,
				2A6FC3BF1D2DF1430006CBE2 /* Info.plist */,
				EFB6C5262021AF2800039D62 /* PrefixHeader.pch */,
			);
			path = Main;
			sourceTree = "<group>";
		};
		EFB6C5312021B41400039D62 /* iPhone */ = {
			isa = PBXGroup;
			children = (
				EFD0D46020BD55C0002BBEFB /* 网页 */,
				EFB6C5332021B4EA00039D62 /* 首页 */,
				EFB6C5322021B42C00039D62 /* 功能展示 */,
			);
			path = iPhone;
			sourceTree = "<group>";
		};
		EFB6C5322021B42C00039D62 /* 功能展示 */ = {
			isa = PBXGroup;
			children = (
				EFB6C5352021B5AD00039D62 /* Controllers */,
			);
			path = "功能展示";
			sourceTree = "<group>";
		};
		EFB6C5332021B4EA00039D62 /* 首页 */ = {
			isa = PBXGroup;
			children = (
				EF90C3CB20BE8E6400EA5CF1 /* Models */,
				EFD0D47420BD58B1002BBEFB /* Views */,
				EFB6C5342021B59000039D62 /* Controllers */,
			);
			path = "首页";
			sourceTree = "<group>";
		};
		EFB6C5342021B59000039D62 /* Controllers */ = {
			isa = PBXGroup;
			children = (
				EFD0D46F20BD5795002BBEFB /* FirstTableViewController.h */,
				EFD0D46E20BD5794002BBEFB /* FirstTableViewController.m */,
				EFD0D45E20BD55AE002BBEFB /* TY_ShopMallViewController.h */,
				EFD0D45D20BD55AE002BBEFB /* TY_ShopMallViewController.m */,
				EF90C3C820BE8CBA00EA5CF1 /* TY_SearchCommissionerViewController.h */,
				EF90C3C920BE8CBA00EA5CF1 /* TY_SearchCommissionerViewController.m */,
			);
			path = Controllers;
			sourceTree = "<group>";
		};
		EFB6C5352021B5AD00039D62 /* Controllers */ = {
			isa = PBXGroup;
			children = (
				EF5D14B31FE3D785003592B2 /* ViewControllers */,
				2A6FC3D31D2DF1950006CBE2 /* ViewController.h */,
				2A6FC3D41D2DF1950006CBE2 /* ViewController.m */,
			);
			path = Controllers;
			sourceTree = "<group>";
		};
		EFD0D46020BD55C0002BBEFB /* 网页 */ = {
			isa = PBXGroup;
			children = (
				EFD0D47820BD5C36002BBEFB /* Views */,
				EFD0D46120BD55CC002BBEFB /* Controllers */,
			);
			path = "网页";
			sourceTree = "<group>";
		};
		EFD0D46120BD55CC002BBEFB /* Controllers */ = {
			isa = PBXGroup;
			children = (
				EFD0D46220BD55EA002BBEFB /* H5ViewController.swift */,
			);
			path = Controllers;
			sourceTree = "<group>";
		};
		EFD0D46420BD5681002BBEFB /* 轮播图 */ = {
			isa = PBXGroup;
			children = (
				EFD0D46520BD56B2002BBEFB /* PHCarouselView.h */,
				EFD0D46620BD56B2002BBEFB /* PHCarouselView.m */,
			);
			path = "轮播图";
			sourceTree = "<group>";
		};
		EFD0D47420BD58B1002BBEFB /* Views */ = {
			isa = PBXGroup;
			children = (
				EFD0D47520BD58D3002BBEFB /* MainTableViewCell.h */,
				EFD0D47620BD58D3002BBEFB /* MainTableViewCell.m */,
				EF90C3C520BE8A5000EA5CF1 /* TY_GoodsTableViewCell.h */,
				EF90C3C620BE8A5000EA5CF1 /* TY_GoodsTableViewCell.m */,
			);
			path = Views;
			sourceTree = "<group>";
		};
		EFD0D47820BD5C36002BBEFB /* Views */ = {
			isa = PBXGroup;
			children = (
				EFD0D47B20BD5D28002BBEFB /* H5 */,
			);
			path = Views;
			sourceTree = "<group>";
		};
		EFD0D47B20BD5D28002BBEFB /* H5 */ = {
			isa = PBXGroup;
			children = (
				EFD0D47C20BD5D60002BBEFB /* index.html */,
				EFD0D48020BD5D9B002BBEFB /* main.css */,
				EFD0D47E20BD5D82002BBEFB /* main.js */,
			);
			path = H5;
			sourceTree = "<group>";
		};
		EFD0D48220BD5F1F002BBEFB /* 抖音 */ = {
			isa = PBXGroup;
			children = (
				EFD0D48520BD5F61002BBEFB /* DouYinPlayViewController.h */,
				EFD0D48620BD5F61002BBEFB /* DouYinPlayViewController.m */,
			);
			path = "抖音";
			sourceTree = "<group>";
		};
		EFFB0A5D20CF9AD000A48A4E /* 即时通讯 */ = {
			isa = PBXGroup;
			children = (
				EFFB0A5E20CF9B0500A48A4E /* IMViewController.h */,
				EFFB0A5F20CF9B0500A48A4E /* IMViewController.m */,
				EFF8D7B520D8957E00A20CEE /* IMMessageModel.h */,
				EFF8D7B620D8957E00A20CEE /* IMMessageModel.m */,
				EFF8D7B820D897FA00A20CEE /* PHSocketTool.h */,
				EFF8D7B920D897FA00A20CEE /* PHSocketTool.m */,
			);
			path = "即时通讯";
			sourceTree = "<group>";
		};
/* End PBXGroup section */

/* Begin PBXNativeTarget section */
		2A6FC3AA1D2DF1430006CBE2 /* PHPackAge */ = {
			isa = PBXNativeTarget;
			buildConfigurationList = 2A6FC3C21D2DF1430006CBE2 /* Build configuration list for PBXNativeTarget "PHPackAge" */;
			buildPhases = (
				2D0337922CF4A11F99F91CD0 /* [CP] Check Pods Manifest.lock */,
				2A6FC3A71D2DF1430006CBE2 /* Sources */,
				2A6FC3A81D2DF1430006CBE2 /* Frameworks */,
				2A6FC3A91D2DF1430006CBE2 /* Resources */,
				DB8987423F0E1CC5171F2B8A /* [CP] Embed Pods Frameworks */,
				ABF3AC522AF0EF59DFD16195 /* [CP] Copy Pods Resources */,
			);
			buildRules = (
			);
			dependencies = (
			);
			name = PHPackAge;
			productName = PHPackAge;
			productReference = 2A6FC3AB1D2DF1430006CBE2 /* PHPackAge.app */;
			productType = "com.apple.product-type.application";
		};
/* End PBXNativeTarget section */

/* Begin PBXProject section */
		2A6FC3A31D2DF1430006CBE2 /* Project object */ = {
			isa = PBXProject;
			attributes = {
				LastUpgradeCheck = 0730;
				ORGANIZATIONNAME = wdx;
				TargetAttributes = {
					2A6FC3AA1D2DF1430006CBE2 = {
						CreatedOnToolsVersion = 7.3;
						DevelopmentTeam = 2C6629VM94;
					};
				};
			};
			buildConfigurationList = 2A6FC3A61D2DF1430006CBE2 /* Build configuration list for PBXProject "PHPackAge" */;
			compatibilityVersion = "Xcode 3.2";
			developmentRegion = English;
			hasScannedForEncodings = 0;
			knownRegions = (
				en,
				Base,
			);
			mainGroup = 2A6FC3A21D2DF1430006CBE2;
			productRefGroup = 2A6FC3AC1D2DF1430006CBE2 /* Products */;
			projectDirPath = "";
			projectRoot = "";
			targets = (
				2A6FC3AA1D2DF1430006CBE2 /* PHPackAge */,
			);
		};
/* End PBXProject section */

/* Begin PBXResourcesBuildPhase section */
		2A6FC3A91D2DF1430006CBE2 /* Resources */ = {
			isa = PBXResourcesBuildPhase;
			buildActionMask = 2147483647;
			files = (
				EFD0D47D20BD5D60002BBEFB /* index.html in Resources */,
				2A45CA531D62A91500F7D9DA /* example.html in Resources */,
				EFD0D48120BD5D9B002BBEFB /* main.css in Resources */,
				2A797ECE1D6DA072008B0459 /* 111.jpg in Resources */,
				2A6FC3BE1D2DF1430006CBE2 /* LaunchScreen.storyboard in Resources */,
				2A5DEA8E1D65482E00155CAC /* index.w.html in Resources */,
				2A6FC3BB1D2DF1430006CBE2 /* Assets.xcassets in Resources */,
				2A6FC3B91D2DF1430006CBE2 /* Main.storyboard in Resources */,
				EFD0D47F20BD5D82002BBEFB /* main.js in Resources */,
			);
			runOnlyForDeploymentPostprocessing = 0;
		};
/* End PBXResourcesBuildPhase section */

/* Begin PBXShellScriptBuildPhase section */
		2D0337922CF4A11F99F91CD0 /* [CP] Check Pods Manifest.lock */ = {
			isa = PBXShellScriptBuildPhase;
			buildActionMask = 2147483647;
			files = (
			);
			inputPaths = (
				"${PODS_PODFILE_DIR_PATH}/Podfile.lock",
				"${PODS_ROOT}/Manifest.lock",
			);
			name = "[CP] Check Pods Manifest.lock";
			outputPaths = (
				"$(DERIVED_FILE_DIR)/Pods-PHPackAge-checkManifestLockResult.txt",
			);
			runOnlyForDeploymentPostprocessing = 0;
			shellPath = /bin/sh;
			shellScript = "diff \"${PODS_PODFILE_DIR_PATH}/Podfile.lock\" \"${PODS_ROOT}/Manifest.lock\" > /dev/null\nif [ $? != 0 ] ; then\n    # print error to STDERR\n    echo \"error: The sandbox is not in sync with the Podfile.lock. Run 'pod install' or update your CocoaPods installation.\" >&2\n    exit 1\nfi\n# This output is used by Xcode 'outputs' to avoid re-running this script phase.\necho \"SUCCESS\" > \"${SCRIPT_OUTPUT_FILE_0}\"\n";
			showEnvVarsInLog = 0;
		};
		ABF3AC522AF0EF59DFD16195 /* [CP] Copy Pods Resources */ = {
			isa = PBXShellScriptBuildPhase;
			buildActionMask = 2147483647;
			files = (
			);
			inputPaths = (
				"${SRCROOT}/Pods/Target Support Files/Pods-PHPackAge/Pods-PHPackAge-resources.sh",
				"${PODS_ROOT}/IQKeyboardManager/IQKeyboardManager/Resources/IQKeyboardManager.bundle",
				"${PODS_ROOT}/MJRefresh/MJRefresh/MJRefresh.bundle",
			);
			name = "[CP] Copy Pods Resources";
			outputPaths = (
				"${TARGET_BUILD_DIR}/${UNLOCALIZED_RESOURCES_FOLDER_PATH}",
			);
			runOnlyForDeploymentPostprocessing = 0;
			shellPath = /bin/sh;
			shellScript = "\"${SRCROOT}/Pods/Target Support Files/Pods-PHPackAge/Pods-PHPackAge-resources.sh\"\n";
			showEnvVarsInLog = 0;
		};
		DB8987423F0E1CC5171F2B8A /* [CP] Embed Pods Frameworks */ = {
			isa = PBXShellScriptBuildPhase;
			buildActionMask = 2147483647;
			files = (
			);
			inputPaths = (
			);
			name = "[CP] Embed Pods Frameworks";
			outputPaths = (
			);
			runOnlyForDeploymentPostprocessing = 0;
			shellPath = /bin/sh;
			shellScript = "\"${SRCROOT}/Pods/Target Support Files/Pods-PHPackAge/Pods-PHPackAge-frameworks.sh\"\n";
			showEnvVarsInLog = 0;
		};
/* End PBXShellScriptBuildPhase section */

/* Begin PBXSourcesBuildPhase section */
		2A6FC3A71D2DF1430006CBE2 /* Sources */ = {
			isa = PBXSourcesBuildPhase;
			buildActionMask = 2147483647;
			files = (
				2AB68FAF1D5C3CE100C98438 /* SuperViewController.m in Sources */,
				EF783F342008763600454EB6 /* DZMReadModel.swift in Sources */,
				EFD0D45F20BD55AE002BBEFB /* TY_ShopMallViewController.m in Sources */,
				EF035BC6200C7C9F0071EED4 /* DemoTableViewCell.m in Sources */,
				2A40CB671D5AB2BB00BF7A80 /* UIImage+Helper.m in Sources */,
				EF783F2B2008763600454EB6 /* DZMRMFuncView.swift in Sources */,
				EF783F3D200883AD00454EB6 /* ReaViewController.swift in Sources */,
				EF34273F1FE64CA900F80440 /* PHRishEditViewController.m in Sources */,
				0AB666BE1F24360B00329AE1 /* PHCommentStarView.m in Sources */,
				EF3427421FE64CD600F80440 /* PHRishEditView.m in Sources */,
				EF783F372008763600454EB6 /* DZMReadChapterModel.swift in Sources */,
				2A6FC3D51D2DF1950006CBE2 /* ViewController.m in Sources */,
				EF783F2A2008763600454EB6 /* DZMRMSettingView.swift in Sources */,
				EF035BD8200CD3860071EED4 /* UITextField+MaxLimit.m in Sources */,
				EF3427481FE6518D00F80440 /* PHRishEditTextCellView.m in Sources */,
				0AB666BA1F24360B00329AE1 /* HSSessionModel.m in Sources */,
				EF783F282008763600454EB6 /* DZMReadBGController.swift in Sources */,
				0AB666B81F24360B00329AE1 /* UIViewAdditions.m in Sources */,
				EFD0D46A20BD5707002BBEFB /* PHSegmentViewController.m in Sources */,
				0AB666B61F24360B00329AE1 /* UILabel+Helper.m in Sources */,
				2A6FC3B31D2DF1430006CBE2 /* AppDelegate.m in Sources */,
				EF783F152008763600454EB6 /* DZMSegmentedControl.swift in Sources */,
				EF783F182008763600454EB6 /* DZMGlobalMethod.swift in Sources */,
				EF783F362008763600454EB6 /* DZMReadMarkModel.swift in Sources */,
				0AB666C11F24360B00329AE1 /* PHPopBox.m in Sources */,
				EF6EBFE41FFCAF8D00814891 /* DemoViewController.m in Sources */,
				2A0CDBDB1D6EC9AD0012D04A /* PHCalendar.m in Sources */,
				EF783F2E2008763600454EB6 /* DZMRMLeftView.swift in Sources */,
				EF783F0F2008763600454EB6 /* NSObject+Extension.swift in Sources */,
				EF783F1B2008763600454EB6 /* UINavigationController+FDFullscreenPopGesture.m in Sources */,
				EF035BD5200CD1740071EED4 /* PHCellHeight.m in Sources */,
				EF783F2C2008763600454EB6 /* DZMRMBottomView.swift in Sources */,
				2A717B3D1D6AA6C100D83A4E /* CustomWebView.m in Sources */,
				0AB666BC1F24360B00329AE1 /* ImageCutTool.m in Sources */,
				0AB666BD1F24360B00329AE1 /* PHButton.m in Sources */,
				EF783F1F2008763600454EB6 /* DZMMagnifierView.m in Sources */,
				EF34274B1FE651A600F80440 /* PHRishEditImgCellView.m in Sources */,
				2A0CDBDD1D6EC9AD0012D04A /* PHCalendarItem.m in Sources */,
				EF783F162008763600454EB6 /* DZMHaloButton.swift in Sources */,
				EF783F1A2008763600454EB6 /* DZMCoverController.m in Sources */,
				EF783F112008763600454EB6 /* String+Extension.swift in Sources */,
				EF783F392008763600454EB6 /* DZMCursorView.swift in Sources */,
				EF783F222008763600454EB6 /* DZMReadOperation.swift in Sources */,
				EF0893F01FE67D4D00BFB882 /* PHRishEditModel.m in Sources */,
				0AB666B91F24360B00329AE1 /* HSDownloadManager.m in Sources */,
				EF90C3C720BE8A5000EA5CF1 /* TY_GoodsTableViewCell.m in Sources */,
				EFF8D7BA20D897FA00A20CEE /* PHSocketTool.m in Sources */,
				0AB666B71F24360B00329AE1 /* UIView+Helper.m in Sources */,
				2A6FC3CF1D2DF16E0006CBE2 /* UIViewAdditions.m in Sources */,
				EFD0D46720BD56B2002BBEFB /* PHCarouselView.m in Sources */,
				EF90C3D420BE939900EA5CF1 /* TY_ShopMallContentCellModel.m in Sources */,
				EF055EA11FFE204E0095936D /* PHRishShowWebView.m in Sources */,
				EFB6C5292021AFBB00039D62 /* SegViewController.m in Sources */,
				EF783F232008763600454EB6 /* DZMReadParser.swift in Sources */,
				EF783F262008763600454EB6 /* DZMReadAuxiliary.swift in Sources */,
				EF783F272008763600454EB6 /* DZMReadController.swift in Sources */,
				EFB6C5302021B3E900039D62 /* NavigationController.m in Sources */,
				0AB666C01F24360B00329AE1 /* PHDownLoader.m in Sources */,
				EF5D14B21FE3D368003592B2 /* PHBaseViewController.m in Sources */,
				0AB666C41F24360B00329AE1 /* YanButton.m in Sources */,
				EFD0D46D20BD573B002BBEFB /* PHTabbarView.m in Sources */,
				2A0CDBDC1D6EC9AD0012D04A /* PHCalendarContentVC.m in Sources */,
				EF783F1E2008763600454EB6 /* UIView+YGPulseView.m in Sources */,
				EF783F2D2008763600454EB6 /* DZMRMStatusView.swift in Sources */,
				EF0893ED1FE6717400BFB882 /* PHImagePickerController.m in Sources */,
				2A6FC3CD1D2DF16E0006CBE2 /* PHCellView.m in Sources */,
				EF783F292008763600454EB6 /* DZMRMColorView.swift in Sources */,
				EFD0D48720BD5F61002BBEFB /* DouYinPlayViewController.m in Sources */,
				EF783F122008763600454EB6 /* UIScrollView+Extension.swift in Sources */,
				0AB666AF1F24360B00329AE1 /* PHPush.m in Sources */,
				0AB666B21F24360B00329AE1 /* LaunchAdView.m in Sources */,
				EF783F1C2008763600454EB6 /* ASValuePopUpView.m in Sources */,
				2A6FC3B01D2DF1430006CBE2 /* main.m in Sources */,
				EF783F252008763600454EB6 /* DZMReadConfigure.swift in Sources */,
				0AB666B31F24360B00329AE1 /* NSString+Helper.m in Sources */,
				EFFB0A6020CF9B0500A48A4E /* IMViewController.m in Sources */,
				EF783F352008763600454EB6 /* DZMReadChapterListModel.swift in Sources */,
				EFD0D47320BD580A002BBEFB /* UIButton+Helper.m in Sources */,
				EF783F242008763600454EB6 /* DZMReadViewController.swift in Sources */,
				EF783F3A2008763600454EB6 /* DZMReadView.swift in Sources */,
				EF90C3CE20BE8EA100EA5CF1 /* TY_ShopMallTitleModel.m in Sources */,
				0AB666BF1F24360B00329AE1 /* PHCustomTabbarController.m in Sources */,
				EF783F142008763600454EB6 /* UITableView+Extension.swift in Sources */,
				EF783F302008763600454EB6 /* DZMRMTopView.swift in Sources */,
				EF783F202008763600454EB6 /* DZMBatteryView.swift in Sources */,
				0AB666B51F24360B00329AE1 /* UIImage+Helper.m in Sources */,
				0AB666C21F24360B00329AE1 /* PHSocketManager.m in Sources */,
				EF783F1D2008763600454EB6 /* ASValueTrackingSlider.m in Sources */,
				EFD0D47720BD58D3002BBEFB /* MainTableViewCell.m in Sources */,
				EF783F212008763600454EB6 /* DZMViewController.swift in Sources */,
				EF783F132008763600454EB6 /* UIPageViewController+Extension.swift in Sources */,
				0AB666BB1F24360B00329AE1 /* NSString+Hash.m in Sources */,
				2A54E44C1D5D7828008CA6D2 /* PHPrinter.m in Sources */,
				EFF8D7B720D8957E00A20CEE /* IMMessageModel.m in Sources */,
				EF8F4CE82019A1560064CF4A /* base64.m in Sources */,
				EF783F382008763600454EB6 /* DZMReadViewCell.swift in Sources */,
				EF783F332008763600454EB6 /* DZMReadRecordModel.swift in Sources */,
				EF783F102008763600454EB6 /* UIView+Extension.swift in Sources */,
				EF783F192008763600454EB6 /* DZMGlobalProperty.swift in Sources */,
				EF783F322008763600454EB6 /* DZMRMLightView.swift in Sources */,
				EF90C3CA20BE8CBA00EA5CF1 /* TY_SearchCommissionerViewController.m in Sources */,
				EF783F2F2008763600454EB6 /* DZMReadMenu.swift in Sources */,
				EFD0D46320BD55EA002BBEFB /* H5ViewController.swift in Sources */,
				EF783F172008763600454EB6 /* DZMUserDefaults.swift in Sources */,
				0AB666B01F24360B00329AE1 /* RunTimeHelper.m in Sources */,
				0AB666B11F24360B00329AE1 /* LatexView.m in Sources */,
				EFD0D47020BD5795002BBEFB /* FirstTableViewController.m in Sources */,
				EFB6C52D2021B39B00039D62 /* TabBarController.m in Sources */,
				EF783F312008763600454EB6 /* DZMRMBaseView.swift in Sources */,
				EF3427451FE64CEC00F80440 /* PHRishEditCellView.m in Sources */,
			);
			runOnlyForDeploymentPostprocessing = 0;
		};
/* End PBXSourcesBuildPhase section */

/* Begin PBXVariantGroup section */
		2A6FC3B71D2DF1430006CBE2 /* Main.storyboard */ = {
			isa = PBXVariantGroup;
			children = (
				2A6FC3B81D2DF1430006CBE2 /* Base */,
			);
			name = Main.storyboard;
			sourceTree = "<group>";
		};
		2A6FC3BC1D2DF1430006CBE2 /* LaunchScreen.storyboard */ = {
			isa = PBXVariantGroup;
			children = (
				2A6FC3BD1D2DF1430006CBE2 /* Base */,
			);
			name = LaunchScreen.storyboard;
			sourceTree = "<group>";
		};
/* End PBXVariantGroup section */

/* Begin XCBuildConfiguration section */
		2A6FC3C01D2DF1430006CBE2 /* Debug */ = {
			isa = XCBuildConfiguration;
			buildSettings = {
				ALWAYS_SEARCH_USER_PATHS = NO;
				CLANG_ANALYZER_NONNULL = YES;
				CLANG_CXX_LANGUAGE_STANDARD = "gnu++0x";
				CLANG_CXX_LIBRARY = "libc++";
				CLANG_ENABLE_MODULES = YES;
				CLANG_ENABLE_OBJC_ARC = YES;
				CLANG_WARN_BOOL_CONVERSION = YES;
				CLANG_WARN_CONSTANT_CONVERSION = YES;
				CLANG_WARN_DIRECT_OBJC_ISA_USAGE = YES_ERROR;
				CLANG_WARN_EMPTY_BODY = YES;
				CLANG_WARN_ENUM_CONVERSION = YES;
				CLANG_WARN_INT_CONVERSION = YES;
				CLANG_WARN_OBJC_ROOT_CLASS = YES_ERROR;
				CLANG_WARN_UNREACHABLE_CODE = YES;
				CLANG_WARN__DUPLICATE_METHOD_MATCH = YES;
				"CODE_SIGN_IDENTITY[sdk=iphoneos*]" = "iPhone Developer";
				COPY_PHASE_STRIP = NO;
				DEBUG_INFORMATION_FORMAT = dwarf;
				ENABLE_STRICT_OBJC_MSGSEND = YES;
				ENABLE_TESTABILITY = YES;
				GCC_C_LANGUAGE_STANDARD = gnu99;
				GCC_DYNAMIC_NO_PIC = NO;
				GCC_NO_COMMON_BLOCKS = YES;
				GCC_OPTIMIZATION_LEVEL = 0;
				GCC_PREPROCESSOR_DEFINITIONS = (
					"DEBUG=1",
					"$(inherited)",
				);
				GCC_WARN_64_TO_32_BIT_CONVERSION = YES;
				GCC_WARN_ABOUT_RETURN_TYPE = YES_ERROR;
				GCC_WARN_UNDECLARED_SELECTOR = YES;
				GCC_WARN_UNINITIALIZED_AUTOS = YES_AGGRESSIVE;
				GCC_WARN_UNUSED_FUNCTION = YES;
				GCC_WARN_UNUSED_VARIABLE = YES;
				IPHONEOS_DEPLOYMENT_TARGET = 9.3;
				MTL_ENABLE_DEBUG_INFO = YES;
				ONLY_ACTIVE_ARCH = YES;
				SDKROOT = iphoneos;
			};
			name = Debug;
		};
		2A6FC3C11D2DF1430006CBE2 /* Release */ = {
			isa = XCBuildConfiguration;
			buildSettings = {
				ALWAYS_SEARCH_USER_PATHS = NO;
				CLANG_ANALYZER_NONNULL = YES;
				CLANG_CXX_LANGUAGE_STANDARD = "gnu++0x";
				CLANG_CXX_LIBRARY = "libc++";
				CLANG_ENABLE_MODULES = YES;
				CLANG_ENABLE_OBJC_ARC = YES;
				CLANG_WARN_BOOL_CONVERSION = YES;
				CLANG_WARN_CONSTANT_CONVERSION = YES;
				CLANG_WARN_DIRECT_OBJC_ISA_USAGE = YES_ERROR;
				CLANG_WARN_EMPTY_BODY = YES;
				CLANG_WARN_ENUM_CONVERSION = YES;
				CLANG_WARN_INT_CONVERSION = YES;
				CLANG_WARN_OBJC_ROOT_CLASS = YES_ERROR;
				CLANG_WARN_UNREACHABLE_CODE = YES;
				CLANG_WARN__DUPLICATE_METHOD_MATCH = YES;
				"CODE_SIGN_IDENTITY[sdk=iphoneos*]" = "iPhone Developer";
				COPY_PHASE_STRIP = NO;
				DEBUG_INFORMATION_FORMAT = "dwarf-with-dsym";
				ENABLE_NS_ASSERTIONS = NO;
				ENABLE_STRICT_OBJC_MSGSEND = YES;
				GCC_C_LANGUAGE_STANDARD = gnu99;
				GCC_NO_COMMON_BLOCKS = YES;
				GCC_WARN_64_TO_32_BIT_CONVERSION = YES;
				GCC_WARN_ABOUT_RETURN_TYPE = YES_ERROR;
				GCC_WARN_UNDECLARED_SELECTOR = YES;
				GCC_WARN_UNINITIALIZED_AUTOS = YES_AGGRESSIVE;
				GCC_WARN_UNUSED_FUNCTION = YES;
				GCC_WARN_UNUSED_VARIABLE = YES;
				IPHONEOS_DEPLOYMENT_TARGET = 9.3;
				MTL_ENABLE_DEBUG_INFO = NO;
				SDKROOT = iphoneos;
				VALIDATE_PRODUCT = YES;
			};
			name = Release;
		};
		2A6FC3C31D2DF1430006CBE2 /* Debug */ = {
			isa = XCBuildConfiguration;
			baseConfigurationReference = 3871CAFF40709CC18DB91D79 /* Pods-PHPackAge.debug.xcconfig */;
			buildSettings = {
				ASSETCATALOG_COMPILER_APPICON_NAME = AppIcon;
				DEFINES_MODULE = YES;
				DEVELOPMENT_TEAM = 2C6629VM94;
				GCC_PREFIX_HEADER = PHPackAge/Main/PrefixHeader.pch;
				INFOPLIST_FILE = PHPackAge/Main/Info.plist;
				LD_RUNPATH_SEARCH_PATHS = "$(inherited) @executable_path/Frameworks";
				PRODUCT_BUNDLE_IDENTIFIER = com.wdx.PHPackAge;
				PRODUCT_NAME = "$(TARGET_NAME)";
				SWIFT_OBJC_BRIDGING_HEADER = "/Users/ph/Desktop/ph/packAge/PHPackAge/Main/PHPackage-Bridging.h";
				SWIFT_VERSION = 4.0;
			};
			name = Debug;
		};
		2A6FC3C41D2DF1430006CBE2 /* Release */ = {
			isa = XCBuildConfiguration;
			baseConfigurationReference = 96D417F52CC9ABAF58199255 /* Pods-PHPackAge.release.xcconfig */;
			buildSettings = {
				ASSETCATALOG_COMPILER_APPICON_NAME = AppIcon;
				DEFINES_MODULE = YES;
				DEVELOPMENT_TEAM = 2C6629VM94;
				GCC_PREFIX_HEADER = PHPackAge/Main/PrefixHeader.pch;
				INFOPLIST_FILE = PHPackAge/Main/Info.plist;
				LD_RUNPATH_SEARCH_PATHS = "$(inherited) @executable_path/Frameworks";
				PRODUCT_BUNDLE_IDENTIFIER = com.wdx.PHPackAge;
				PRODUCT_NAME = "$(TARGET_NAME)";
				SWIFT_OBJC_BRIDGING_HEADER = "/Users/ph/Desktop/ph/packAge/PHPackAge/Main/PHPackage-Bridging.h";
				SWIFT_VERSION = 4.0;
			};
			name = Release;
		};
/* End XCBuildConfiguration section */

/* Begin XCConfigurationList section */
		2A6FC3A61D2DF1430006CBE2 /* Build configuration list for PBXProject "PHPackAge" */ = {
			isa = XCConfigurationList;
			buildConfigurations = (
				2A6FC3C01D2DF1430006CBE2 /* Debug */,
				2A6FC3C11D2DF1430006CBE2 /* Release */,
			);
			defaultConfigurationIsVisible = 0;
			defaultConfigurationName = Release;
		};
		2A6FC3C21D2DF1430006CBE2 /* Build configuration list for PBXNativeTarget "PHPackAge" */ = {
			isa = XCConfigurationList;
			buildConfigurations = (
				2A6FC3C31D2DF1430006CBE2 /* Debug */,
				2A6FC3C41D2DF1430006CBE2 /* Release */,
			);
			defaultConfigurationIsVisible = 0;
			defaultConfigurationName = Release;
		};
/* End XCConfigurationList section */
	};
	rootObject = 2A6FC3A31D2DF1430006CBE2 /* Project object */;
}
